// !$*UTF8*$!
{
	archiveVersion = 1;
	classes = {
	};
	objectVersion = 46;
	objects = {

/* Begin PBXBuildFile section */
		2C12F9178AC12C0DAD9B8C03 /* Pods_Campus_BuddyUITests.framework in Frameworks */ = {isa = PBXBuildFile; fileRef = DCF1E1771121F6E76129B22E /* Pods_Campus_BuddyUITests.framework */; };
		4300504D1E20F7EF0049870F /* FacebookPagesSelectionTableViewController.swift in Sources */ = {isa = PBXBuildFile; fileRef = 4300504C1E20F7EF0049870F /* FacebookPagesSelectionTableViewController.swift */; };
		43090DF11E1E745C0010FBF8 /* AppDelegate.swift in Sources */ = {isa = PBXBuildFile; fileRef = 43090DF01E1E745C0010FBF8 /* AppDelegate.swift */; };
		43090DF61E1E745C0010FBF8 /* Main.storyboard in Resources */ = {isa = PBXBuildFile; fileRef = 43090DF41E1E745C0010FBF8 /* Main.storyboard */; };
		43090DF91E1E745C0010FBF8 /* Campus_Buddy.xcdatamodeld in Sources */ = {isa = PBXBuildFile; fileRef = 43090DF71E1E745C0010FBF8 /* Campus_Buddy.xcdatamodeld */; };
		43090DFB1E1E745C0010FBF8 /* Assets.xcassets in Resources */ = {isa = PBXBuildFile; fileRef = 43090DFA1E1E745C0010FBF8 /* Assets.xcassets */; };
		43090DFE1E1E745C0010FBF8 /* LaunchScreen.storyboard in Resources */ = {isa = PBXBuildFile; fileRef = 43090DFC1E1E745C0010FBF8 /* LaunchScreen.storyboard */; };
		43090E091E1E745C0010FBF8 /* Campus_BuddyTests.swift in Sources */ = {isa = PBXBuildFile; fileRef = 43090E081E1E745C0010FBF8 /* Campus_BuddyTests.swift */; };
		43090E141E1E745C0010FBF8 /* Campus_BuddyUITests.swift in Sources */ = {isa = PBXBuildFile; fileRef = 43090E131E1E745C0010FBF8 /* Campus_BuddyUITests.swift */; };
		43090E2A1E1E7B300010FBF8 /* ActivityIndicator.swift in Sources */ = {isa = PBXBuildFile; fileRef = 43090E271E1E7B300010FBF8 /* ActivityIndicator.swift */; };
		43090E2B1E1E7B300010FBF8 /* DeviceSizes.swift in Sources */ = {isa = PBXBuildFile; fileRef = 43090E281E1E7B300010FBF8 /* DeviceSizes.swift */; };
		43090E2C1E1E7B300010FBF8 /* Utils.swift in Sources */ = {isa = PBXBuildFile; fileRef = 43090E291E1E7B300010FBF8 /* Utils.swift */; };
		43090E2F1E1E7B830010FBF8 /* ColorCode.swift in Sources */ = {isa = PBXBuildFile; fileRef = 43090E2E1E1E7B830010FBF8 /* ColorCode.swift */; };
		43090E321E1E7CBB0010FBF8 /* ColorCodeExtensions.swift in Sources */ = {isa = PBXBuildFile; fileRef = 43090E311E1E7CBB0010FBF8 /* ColorCodeExtensions.swift */; };
		43090E421E1E7E2F0010FBF8 /* ContactInfoTableViewCell.swift in Sources */ = {isa = PBXBuildFile; fileRef = 43090E361E1E7E2F0010FBF8 /* ContactInfoTableViewCell.swift */; };
		43090E431E1E7E2F0010FBF8 /* ContactInfoTableViewController.swift in Sources */ = {isa = PBXBuildFile; fileRef = 43090E371E1E7E2F0010FBF8 /* ContactInfoTableViewController.swift */; };
		43090E441E1E7E2F0010FBF8 /* DepartmentCell.swift in Sources */ = {isa = PBXBuildFile; fileRef = 43090E381E1E7E2F0010FBF8 /* DepartmentCell.swift */; };
		43090E451E1E7E2F0010FBF8 /* DepartmentProfTableViewController.swift in Sources */ = {isa = PBXBuildFile; fileRef = 43090E391E1E7E2F0010FBF8 /* DepartmentProfTableViewController.swift */; };
		43090E461E1E7E2F0010FBF8 /* DepartmentsTableViewController.swift in Sources */ = {isa = PBXBuildFile; fileRef = 43090E3A1E1E7E2F0010FBF8 /* DepartmentsTableViewController.swift */; };
		43090E471E1E7E2F0010FBF8 /* DepartmentTableViewCell.swift in Sources */ = {isa = PBXBuildFile; fileRef = 43090E3B1E1E7E2F0010FBF8 /* DepartmentTableViewCell.swift */; };
		43090E491E1E7E2F0010FBF8 /* ProfContactCell.swift in Sources */ = {isa = PBXBuildFile; fileRef = 43090E3D1E1E7E2F0010FBF8 /* ProfContactCell.swift */; };
		43090E4A1E1E7E2F0010FBF8 /* ProfContactTableViewCell.swift in Sources */ = {isa = PBXBuildFile; fileRef = 43090E3E1E1E7E2F0010FBF8 /* ProfContactTableViewCell.swift */; };
		43090E4B1E1E7E2F0010FBF8 /* ProfessorContactatIItR.json in Resources */ = {isa = PBXBuildFile; fileRef = 43090E3F1E1E7E2F0010FBF8 /* ProfessorContactatIItR.json */; };
		43090E4C1E1E7E2F0010FBF8 /* SettingsTableViewController.swift in Sources */ = {isa = PBXBuildFile; fileRef = 43090E401E1E7E2F0010FBF8 /* SettingsTableViewController.swift */; };
		431B22C11E342EA3003280D0 /* Toast.swift in Sources */ = {isa = PBXBuildFile; fileRef = 431B22C01E342EA3003280D0 /* Toast.swift */; };
		431EFF931E2994590065B850 /* GoogleService-Info.plist in Resources */ = {isa = PBXBuildFile; fileRef = 431EFF921E2994590065B850 /* GoogleService-Info.plist */; };
		431EFF941E29A2B70065B850 /* GoogleService-Info.plist in Resources */ = {isa = PBXBuildFile; fileRef = 431EFF921E2994590065B850 /* GoogleService-Info.plist */; };
		431EFF951E29A2B80065B850 /* GoogleService-Info.plist in Resources */ = {isa = PBXBuildFile; fileRef = 431EFF921E2994590065B850 /* GoogleService-Info.plist */; };
		43277E3A1E2AB7C000863831 /* IITRLocationsInfo.json in Resources */ = {isa = PBXBuildFile; fileRef = 43277E391E2AB7C000863831 /* IITRLocationsInfo.json */; };
		43277E3D1E2AC9BF00863831 /* IITRLocation.swift in Sources */ = {isa = PBXBuildFile; fileRef = 43277E3C1E2AC9BF00863831 /* IITRLocation.swift */; };
		43277E3F1E2ACB5C00863831 /* SwiftyJSON.swift in Sources */ = {isa = PBXBuildFile; fileRef = 43277E3E1E2ACB5C00863831 /* SwiftyJSON.swift */; };
		4333E2F91E343A0600DF4708 /* MainViewController.swift in Sources */ = {isa = PBXBuildFile; fileRef = 4333E2F81E343A0600DF4708 /* MainViewController.swift */; };
		4333E2FB1E343A3000DF4708 /* PageCell.swift in Sources */ = {isa = PBXBuildFile; fileRef = 4333E2FA1E343A3000DF4708 /* PageCell.swift */; };
		4333E2FD1E343A4400DF4708 /* Page.swift in Sources */ = {isa = PBXBuildFile; fileRef = 4333E2FC1E343A4400DF4708 /* Page.swift */; };
		433D13EA1E2638FE00744CD2 /* PostTableViewCell.swift in Sources */ = {isa = PBXBuildFile; fileRef = 433D13E91E2638FE00744CD2 /* PostTableViewCell.swift */; };
		433D13EC1E263A9200744CD2 /* FbPostsTableViewController.swift in Sources */ = {isa = PBXBuildFile; fileRef = 433D13EB1E263A9200744CD2 /* FbPostsTableViewController.swift */; };
		433D13FE1E26BB4200744CD2 /* FbPost.swift in Sources */ = {isa = PBXBuildFile; fileRef = 433D13FD1E26BB4200744CD2 /* FbPost.swift */; };
		437C4B831E214ECB006CACEC /* FacebookPage.swift in Sources */ = {isa = PBXBuildFile; fileRef = 437C4B821E214ECB006CACEC /* FacebookPage.swift */; };
		437C4B851E214FAC006CACEC /* FacebookResources.swift in Sources */ = {isa = PBXBuildFile; fileRef = 437C4B841E214FAC006CACEC /* FacebookResources.swift */; };
		43832B091E2D13A500BF617D /* Reachability.swift in Sources */ = {isa = PBXBuildFile; fileRef = 43832B081E2D13A500BF617D /* Reachability.swift */; };
		43832B0B1E2D15C100BF617D /* Network.swift in Sources */ = {isa = PBXBuildFile; fileRef = 43832B0A1E2D15C100BF617D /* Network.swift */; };
		4392FB521E2AEBCA00E3D8BD /* BackgroundMapViewController.swift in Sources */ = {isa = PBXBuildFile; fileRef = 4392FB4E1E2AEBCA00E3D8BD /* BackgroundMapViewController.swift */; };
		4392FB531E2AEBCA00E3D8BD /* BaseContainerViewController.swift in Sources */ = {isa = PBXBuildFile; fileRef = 4392FB4F1E2AEBCA00E3D8BD /* BaseContainerViewController.swift */; };
		4392FB541E2AEBCA00E3D8BD /* InsetViewController.swift in Sources */ = {isa = PBXBuildFile; fileRef = 4392FB501E2AEBCA00E3D8BD /* InsetViewController.swift */; };
		4392FB551E2AEBCA00E3D8BD /* SplitPaneViewController.swift in Sources */ = {isa = PBXBuildFile; fileRef = 4392FB511E2AEBCA00E3D8BD /* SplitPaneViewController.swift */; };
		4392FB591E2AEBDC00E3D8BD /* PickAPlaceViewController.swift in Sources */ = {isa = PBXBuildFile; fileRef = 4392FB571E2AEBDC00E3D8BD /* PickAPlaceViewController.swift */; };
		4392FB5A1E2AEBDC00E3D8BD /* PickAPlaceViewController.xib in Resources */ = {isa = PBXBuildFile; fileRef = 4392FB581E2AEBDC00E3D8BD /* PickAPlaceViewController.xib */; };
		4392FB631E2AEBFA00E3D8BD /* PlaceAttributeCell.swift in Sources */ = {isa = PBXBuildFile; fileRef = 4392FB5C1E2AEBFA00E3D8BD /* PlaceAttributeCell.swift */; };
		4392FB641E2AEBFA00E3D8BD /* PlaceAttributeCell.xib in Resources */ = {isa = PBXBuildFile; fileRef = 4392FB5D1E2AEBFA00E3D8BD /* PlaceAttributeCell.xib */; };
		4392FB651E2AEBFA00E3D8BD /* PlaceDetailTableViewDataSource.swift in Sources */ = {isa = PBXBuildFile; fileRef = 4392FB5E1E2AEBFA00E3D8BD /* PlaceDetailTableViewDataSource.swift */; };
		4392FB661E2AEBFA00E3D8BD /* PlaceDetailViewController.swift in Sources */ = {isa = PBXBuildFile; fileRef = 4392FB5F1E2AEBFA00E3D8BD /* PlaceDetailViewController.swift */; };
		4392FB671E2AEBFA00E3D8BD /* PlaceDetailViewController.xib in Resources */ = {isa = PBXBuildFile; fileRef = 4392FB601E2AEBFA00E3D8BD /* PlaceDetailViewController.xib */; };
		4392FB681E2AEBFA00E3D8BD /* PlaceNameHeader.swift in Sources */ = {isa = PBXBuildFile; fileRef = 4392FB611E2AEBFA00E3D8BD /* PlaceNameHeader.swift */; };
		4392FB691E2AEBFA00E3D8BD /* PlaceNameHeader.xib in Resources */ = {isa = PBXBuildFile; fileRef = 4392FB621E2AEBFA00E3D8BD /* PlaceNameHeader.xib */; };
		4392FB701E2AEC1800E3D8BD /* RoundedButton.swift in Sources */ = {isa = PBXBuildFile; fileRef = 4392FB6B1E2AEC1800E3D8BD /* RoundedButton.swift */; };
		4392FB711E2AEC1800E3D8BD /* SDKDemoAPIKey.swift in Sources */ = {isa = PBXBuildFile; fileRef = 4392FB6C1E2AEC1800E3D8BD /* SDKDemoAPIKey.swift */; };
		4392FB721E2AEC1800E3D8BD /* ShadowLineView.swift in Sources */ = {isa = PBXBuildFile; fileRef = 4392FB6D1E2AEC1800E3D8BD /* ShadowLineView.swift */; };
		4392FB731E2AEC1800E3D8BD /* ShadowView.swift in Sources */ = {isa = PBXBuildFile; fileRef = 4392FB6E1E2AEC1800E3D8BD /* ShadowView.swift */; };
		4392FB741E2AEC1800E3D8BD /* Styles.swift in Sources */ = {isa = PBXBuildFile; fileRef = 4392FB6F1E2AEC1800E3D8BD /* Styles.swift */; };
		4392FB771E2AEDC400E3D8BD /* CGRect+Extensions.swift in Sources */ = {isa = PBXBuildFile; fileRef = 4392FB751E2AEDC400E3D8BD /* CGRect+Extensions.swift */; };
		4392FB781E2AEDC400E3D8BD /* NotificationObserver.swift in Sources */ = {isa = PBXBuildFile; fileRef = 4392FB761E2AEDC400E3D8BD /* NotificationObserver.swift */; };
		4392FB7D1E2AFEFF00E3D8BD /* HomeTabBarController.swift in Sources */ = {isa = PBXBuildFile; fileRef = 4392FB7C1E2AFEFF00E3D8BD /* HomeTabBarController.swift */; };
		43A985A41E2AB63300B64B50 /* MapViewController.swift in Sources */ = {isa = PBXBuildFile; fileRef = 43A985A31E2AB63300B64B50 /* MapViewController.swift */; };
		43AB113C1E21A08E00A780CD /* SelectFBPageTableViewCell.swift in Sources */ = {isa = PBXBuildFile; fileRef = 43AB113B1E21A08E00A780CD /* SelectFBPageTableViewCell.swift */; };
		43AB113F1E21B29200A780CD /* SelectedPageCollectionViewCell.swift in Sources */ = {isa = PBXBuildFile; fileRef = 43AB113E1E21B29200A780CD /* SelectedPageCollectionViewCell.swift */; };
		43E444931E31134D004FBE48 /* PageCoreDataService.swift in Sources */ = {isa = PBXBuildFile; fileRef = 43E444921E31134D004FBE48 /* PageCoreDataService.swift */; };
		43ED79D11E1FA93100E4FE5D /* Extensions.swift in Sources */ = {isa = PBXBuildFile; fileRef = 43ED79D01E1FA93100E4FE5D /* Extensions.swift */; };
		56F3CDF3E73E5FF460E438DE /* Pods_Campus_Buddy.framework in Frameworks */ = {isa = PBXBuildFile; fileRef = 3677FEF90A8AE6CD3BA95DA9 /* Pods_Campus_Buddy.framework */; };
		7B2E0E7D4493DD8A4BFD1F34 /* Pods_Campus_BuddyTests.framework in Frameworks */ = {isa = PBXBuildFile; fileRef = 0153D060F89A2D4FE5119E3E /* Pods_Campus_BuddyTests.framework */; };
/* End PBXBuildFile section */

/* Begin PBXContainerItemProxy section */
		43090E051E1E745C0010FBF8 /* PBXContainerItemProxy */ = {
			isa = PBXContainerItemProxy;
			containerPortal = 43090DE51E1E745C0010FBF8 /* Project object */;
			proxyType = 1;
			remoteGlobalIDString = 43090DEC1E1E745C0010FBF8;
			remoteInfo = "Campus Buddy";
		};
		43090E101E1E745C0010FBF8 /* PBXContainerItemProxy */ = {
			isa = PBXContainerItemProxy;
			containerPortal = 43090DE51E1E745C0010FBF8 /* Project object */;
			proxyType = 1;
			remoteGlobalIDString = 43090DEC1E1E745C0010FBF8;
			remoteInfo = "Campus Buddy";
		};
/* End PBXContainerItemProxy section */

/* Begin PBXFileReference section */
		0153D060F89A2D4FE5119E3E /* Pods_Campus_BuddyTests.framework */ = {isa = PBXFileReference; explicitFileType = wrapper.framework; includeInIndex = 0; path = Pods_Campus_BuddyTests.framework; sourceTree = BUILT_PRODUCTS_DIR; };
		3677FEF90A8AE6CD3BA95DA9 /* Pods_Campus_Buddy.framework */ = {isa = PBXFileReference; explicitFileType = wrapper.framework; includeInIndex = 0; path = Pods_Campus_Buddy.framework; sourceTree = BUILT_PRODUCTS_DIR; };
		3B13FE198E5D2C87E4FBFE57 /* Pods-Campus BuddyTests.release.xcconfig */ = {isa = PBXFileReference; includeInIndex = 1; lastKnownFileType = text.xcconfig; name = "Pods-Campus BuddyTests.release.xcconfig"; path = "Pods/Target Support Files/Pods-Campus BuddyTests/Pods-Campus BuddyTests.release.xcconfig"; sourceTree = "<group>"; };
		4300504C1E20F7EF0049870F /* FacebookPagesSelectionTableViewController.swift */ = {isa = PBXFileReference; fileEncoding = 4; lastKnownFileType = sourcecode.swift; path = FacebookPagesSelectionTableViewController.swift; sourceTree = "<group>"; };
		43090DED1E1E745C0010FBF8 /* Campus Buddy.app */ = {isa = PBXFileReference; explicitFileType = wrapper.application; includeInIndex = 0; path = "Campus Buddy.app"; sourceTree = BUILT_PRODUCTS_DIR; };
		43090DF01E1E745C0010FBF8 /* AppDelegate.swift */ = {isa = PBXFileReference; lastKnownFileType = sourcecode.swift; path = AppDelegate.swift; sourceTree = "<group>"; };
		43090DF51E1E745C0010FBF8 /* Base */ = {isa = PBXFileReference; lastKnownFileType = file.storyboard; name = Base; path = Base.lproj/Main.storyboard; sourceTree = "<group>"; };
		43090DF81E1E745C0010FBF8 /* Campus_Buddy.xcdatamodel */ = {isa = PBXFileReference; lastKnownFileType = wrapper.xcdatamodel; path = Campus_Buddy.xcdatamodel; sourceTree = "<group>"; };
		43090DFA1E1E745C0010FBF8 /* Assets.xcassets */ = {isa = PBXFileReference; lastKnownFileType = folder.assetcatalog; path = Assets.xcassets; sourceTree = "<group>"; };
		43090DFD1E1E745C0010FBF8 /* Base */ = {isa = PBXFileReference; lastKnownFileType = file.storyboard; name = Base; path = Base.lproj/LaunchScreen.storyboard; sourceTree = "<group>"; };
		43090DFF1E1E745C0010FBF8 /* Info.plist */ = {isa = PBXFileReference; lastKnownFileType = text.plist.xml; path = Info.plist; sourceTree = "<group>"; };
		43090E041E1E745C0010FBF8 /* Campus BuddyTests.xctest */ = {isa = PBXFileReference; explicitFileType = wrapper.cfbundle; includeInIndex = 0; path = "Campus BuddyTests.xctest"; sourceTree = BUILT_PRODUCTS_DIR; };
		43090E081E1E745C0010FBF8 /* Campus_BuddyTests.swift */ = {isa = PBXFileReference; lastKnownFileType = sourcecode.swift; path = Campus_BuddyTests.swift; sourceTree = "<group>"; };
		43090E0A1E1E745C0010FBF8 /* Info.plist */ = {isa = PBXFileReference; lastKnownFileType = text.plist.xml; path = Info.plist; sourceTree = "<group>"; };
		43090E0F1E1E745C0010FBF8 /* Campus BuddyUITests.xctest */ = {isa = PBXFileReference; explicitFileType = wrapper.cfbundle; includeInIndex = 0; path = "Campus BuddyUITests.xctest"; sourceTree = BUILT_PRODUCTS_DIR; };
		43090E131E1E745C0010FBF8 /* Campus_BuddyUITests.swift */ = {isa = PBXFileReference; lastKnownFileType = sourcecode.swift; path = Campus_BuddyUITests.swift; sourceTree = "<group>"; };
		43090E151E1E745C0010FBF8 /* Info.plist */ = {isa = PBXFileReference; lastKnownFileType = text.plist.xml; path = Info.plist; sourceTree = "<group>"; };
		43090E271E1E7B300010FBF8 /* ActivityIndicator.swift */ = {isa = PBXFileReference; fileEncoding = 4; lastKnownFileType = sourcecode.swift; path = ActivityIndicator.swift; sourceTree = "<group>"; };
		43090E281E1E7B300010FBF8 /* DeviceSizes.swift */ = {isa = PBXFileReference; fileEncoding = 4; lastKnownFileType = sourcecode.swift; path = DeviceSizes.swift; sourceTree = "<group>"; };
		43090E291E1E7B300010FBF8 /* Utils.swift */ = {isa = PBXFileReference; fileEncoding = 4; lastKnownFileType = sourcecode.swift; path = Utils.swift; sourceTree = "<group>"; };
		43090E2E1E1E7B830010FBF8 /* ColorCode.swift */ = {isa = PBXFileReference; fileEncoding = 4; lastKnownFileType = sourcecode.swift; path = ColorCode.swift; sourceTree = "<group>"; };
		43090E311E1E7CBB0010FBF8 /* ColorCodeExtensions.swift */ = {isa = PBXFileReference; fileEncoding = 4; lastKnownFileType = sourcecode.swift; path = ColorCodeExtensions.swift; sourceTree = "<group>"; };
		43090E361E1E7E2F0010FBF8 /* ContactInfoTableViewCell.swift */ = {isa = PBXFileReference; fileEncoding = 4; lastKnownFileType = sourcecode.swift; path = ContactInfoTableViewCell.swift; sourceTree = "<group>"; };
		43090E371E1E7E2F0010FBF8 /* ContactInfoTableViewController.swift */ = {isa = PBXFileReference; fileEncoding = 4; lastKnownFileType = sourcecode.swift; path = ContactInfoTableViewController.swift; sourceTree = "<group>"; };
		43090E381E1E7E2F0010FBF8 /* DepartmentCell.swift */ = {isa = PBXFileReference; fileEncoding = 4; lastKnownFileType = sourcecode.swift; path = DepartmentCell.swift; sourceTree = "<group>"; };
		43090E391E1E7E2F0010FBF8 /* DepartmentProfTableViewController.swift */ = {isa = PBXFileReference; fileEncoding = 4; lastKnownFileType = sourcecode.swift; path = DepartmentProfTableViewController.swift; sourceTree = "<group>"; };
		43090E3A1E1E7E2F0010FBF8 /* DepartmentsTableViewController.swift */ = {isa = PBXFileReference; fileEncoding = 4; lastKnownFileType = sourcecode.swift; path = DepartmentsTableViewController.swift; sourceTree = "<group>"; };
		43090E3B1E1E7E2F0010FBF8 /* DepartmentTableViewCell.swift */ = {isa = PBXFileReference; fileEncoding = 4; lastKnownFileType = sourcecode.swift; path = DepartmentTableViewCell.swift; sourceTree = "<group>"; };
		43090E3D1E1E7E2F0010FBF8 /* ProfContactCell.swift */ = {isa = PBXFileReference; fileEncoding = 4; lastKnownFileType = sourcecode.swift; path = ProfContactCell.swift; sourceTree = "<group>"; };
		43090E3E1E1E7E2F0010FBF8 /* ProfContactTableViewCell.swift */ = {isa = PBXFileReference; fileEncoding = 4; lastKnownFileType = sourcecode.swift; path = ProfContactTableViewCell.swift; sourceTree = "<group>"; };
		43090E3F1E1E7E2F0010FBF8 /* ProfessorContactatIItR.json */ = {isa = PBXFileReference; fileEncoding = 4; lastKnownFileType = text.json; path = ProfessorContactatIItR.json; sourceTree = "<group>"; };
		43090E401E1E7E2F0010FBF8 /* SettingsTableViewController.swift */ = {isa = PBXFileReference; fileEncoding = 4; lastKnownFileType = sourcecode.swift; path = SettingsTableViewController.swift; sourceTree = "<group>"; };
		431B22C01E342EA3003280D0 /* Toast.swift */ = {isa = PBXFileReference; fileEncoding = 4; lastKnownFileType = sourcecode.swift; path = Toast.swift; sourceTree = "<group>"; };
		431EFF921E2994590065B850 /* GoogleService-Info.plist */ = {isa = PBXFileReference; fileEncoding = 4; lastKnownFileType = text.plist.xml; path = "GoogleService-Info.plist"; sourceTree = "<group>"; };
		431EFF961E29A3E20065B850 /* Campus Buddy.entitlements */ = {isa = PBXFileReference; lastKnownFileType = text.plist.entitlements; path = "Campus Buddy.entitlements"; sourceTree = "<group>"; };
		43277E391E2AB7C000863831 /* IITRLocationsInfo.json */ = {isa = PBXFileReference; fileEncoding = 4; lastKnownFileType = text.json; path = IITRLocationsInfo.json; sourceTree = "<group>"; };
		43277E3C1E2AC9BF00863831 /* IITRLocation.swift */ = {isa = PBXFileReference; fileEncoding = 4; lastKnownFileType = sourcecode.swift; path = IITRLocation.swift; sourceTree = "<group>"; };
		43277E3E1E2ACB5C00863831 /* SwiftyJSON.swift */ = {isa = PBXFileReference; fileEncoding = 4; lastKnownFileType = sourcecode.swift; path = SwiftyJSON.swift; sourceTree = "<group>"; };
		4333E2F81E343A0600DF4708 /* MainViewController.swift */ = {isa = PBXFileReference; fileEncoding = 4; lastKnownFileType = sourcecode.swift; path = MainViewController.swift; sourceTree = "<group>"; };
		4333E2FA1E343A3000DF4708 /* PageCell.swift */ = {isa = PBXFileReference; fileEncoding = 4; lastKnownFileType = sourcecode.swift; path = PageCell.swift; sourceTree = "<group>"; };
		4333E2FC1E343A4400DF4708 /* Page.swift */ = {isa = PBXFileReference; fileEncoding = 4; lastKnownFileType = sourcecode.swift; path = Page.swift; sourceTree = "<group>"; };
		433D13E91E2638FE00744CD2 /* PostTableViewCell.swift */ = {isa = PBXFileReference; fileEncoding = 4; lastKnownFileType = sourcecode.swift; path = PostTableViewCell.swift; sourceTree = "<group>"; };
		433D13EB1E263A9200744CD2 /* FbPostsTableViewController.swift */ = {isa = PBXFileReference; fileEncoding = 4; lastKnownFileType = sourcecode.swift; path = FbPostsTableViewController.swift; sourceTree = "<group>"; };
		433D13FD1E26BB4200744CD2 /* FbPost.swift */ = {isa = PBXFileReference; fileEncoding = 4; lastKnownFileType = sourcecode.swift; path = FbPost.swift; sourceTree = "<group>"; };
		437C4B821E214ECB006CACEC /* FacebookPage.swift */ = {isa = PBXFileReference; fileEncoding = 4; lastKnownFileType = sourcecode.swift; path = FacebookPage.swift; sourceTree = "<group>"; };
		437C4B841E214FAC006CACEC /* FacebookResources.swift */ = {isa = PBXFileReference; fileEncoding = 4; lastKnownFileType = sourcecode.swift; path = FacebookResources.swift; sourceTree = "<group>"; };
		43832B081E2D13A500BF617D /* Reachability.swift */ = {isa = PBXFileReference; fileEncoding = 4; lastKnownFileType = sourcecode.swift; path = Reachability.swift; sourceTree = "<group>"; };
		43832B0A1E2D15C100BF617D /* Network.swift */ = {isa = PBXFileReference; fileEncoding = 4; lastKnownFileType = sourcecode.swift; path = Network.swift; sourceTree = "<group>"; };
		4392FB4E1E2AEBCA00E3D8BD /* BackgroundMapViewController.swift */ = {isa = PBXFileReference; fileEncoding = 4; lastKnownFileType = sourcecode.swift; path = BackgroundMapViewController.swift; sourceTree = "<group>"; };
		4392FB4F1E2AEBCA00E3D8BD /* BaseContainerViewController.swift */ = {isa = PBXFileReference; fileEncoding = 4; lastKnownFileType = sourcecode.swift; path = BaseContainerViewController.swift; sourceTree = "<group>"; };
		4392FB501E2AEBCA00E3D8BD /* InsetViewController.swift */ = {isa = PBXFileReference; fileEncoding = 4; lastKnownFileType = sourcecode.swift; path = InsetViewController.swift; sourceTree = "<group>"; };
		4392FB511E2AEBCA00E3D8BD /* SplitPaneViewController.swift */ = {isa = PBXFileReference; fileEncoding = 4; lastKnownFileType = sourcecode.swift; path = SplitPaneViewController.swift; sourceTree = "<group>"; };
		4392FB571E2AEBDC00E3D8BD /* PickAPlaceViewController.swift */ = {isa = PBXFileReference; fileEncoding = 4; lastKnownFileType = sourcecode.swift; path = PickAPlaceViewController.swift; sourceTree = "<group>"; };
		4392FB581E2AEBDC00E3D8BD /* PickAPlaceViewController.xib */ = {isa = PBXFileReference; fileEncoding = 4; lastKnownFileType = file.xib; path = PickAPlaceViewController.xib; sourceTree = "<group>"; };
		4392FB5C1E2AEBFA00E3D8BD /* PlaceAttributeCell.swift */ = {isa = PBXFileReference; fileEncoding = 4; lastKnownFileType = sourcecode.swift; path = PlaceAttributeCell.swift; sourceTree = "<group>"; };
		4392FB5D1E2AEBFA00E3D8BD /* PlaceAttributeCell.xib */ = {isa = PBXFileReference; fileEncoding = 4; lastKnownFileType = file.xib; path = PlaceAttributeCell.xib; sourceTree = "<group>"; };
		4392FB5E1E2AEBFA00E3D8BD /* PlaceDetailTableViewDataSource.swift */ = {isa = PBXFileReference; fileEncoding = 4; lastKnownFileType = sourcecode.swift; path = PlaceDetailTableViewDataSource.swift; sourceTree = "<group>"; };
		4392FB5F1E2AEBFA00E3D8BD /* PlaceDetailViewController.swift */ = {isa = PBXFileReference; fileEncoding = 4; lastKnownFileType = sourcecode.swift; path = PlaceDetailViewController.swift; sourceTree = "<group>"; };
		4392FB601E2AEBFA00E3D8BD /* PlaceDetailViewController.xib */ = {isa = PBXFileReference; fileEncoding = 4; lastKnownFileType = file.xib; path = PlaceDetailViewController.xib; sourceTree = "<group>"; };
		4392FB611E2AEBFA00E3D8BD /* PlaceNameHeader.swift */ = {isa = PBXFileReference; fileEncoding = 4; lastKnownFileType = sourcecode.swift; path = PlaceNameHeader.swift; sourceTree = "<group>"; };
		4392FB621E2AEBFA00E3D8BD /* PlaceNameHeader.xib */ = {isa = PBXFileReference; fileEncoding = 4; lastKnownFileType = file.xib; path = PlaceNameHeader.xib; sourceTree = "<group>"; };
		4392FB6B1E2AEC1800E3D8BD /* RoundedButton.swift */ = {isa = PBXFileReference; fileEncoding = 4; lastKnownFileType = sourcecode.swift; path = RoundedButton.swift; sourceTree = "<group>"; };
		4392FB6C1E2AEC1800E3D8BD /* SDKDemoAPIKey.swift */ = {isa = PBXFileReference; fileEncoding = 4; lastKnownFileType = sourcecode.swift; path = SDKDemoAPIKey.swift; sourceTree = "<group>"; };
		4392FB6D1E2AEC1800E3D8BD /* ShadowLineView.swift */ = {isa = PBXFileReference; fileEncoding = 4; lastKnownFileType = sourcecode.swift; path = ShadowLineView.swift; sourceTree = "<group>"; };
		4392FB6E1E2AEC1800E3D8BD /* ShadowView.swift */ = {isa = PBXFileReference; fileEncoding = 4; lastKnownFileType = sourcecode.swift; path = ShadowView.swift; sourceTree = "<group>"; };
		4392FB6F1E2AEC1800E3D8BD /* Styles.swift */ = {isa = PBXFileReference; fileEncoding = 4; lastKnownFileType = sourcecode.swift; path = Styles.swift; sourceTree = "<group>"; };
		4392FB751E2AEDC400E3D8BD /* CGRect+Extensions.swift */ = {isa = PBXFileReference; fileEncoding = 4; lastKnownFileType = sourcecode.swift; path = "CGRect+Extensions.swift"; sourceTree = "<group>"; };
		4392FB761E2AEDC400E3D8BD /* NotificationObserver.swift */ = {isa = PBXFileReference; fileEncoding = 4; lastKnownFileType = sourcecode.swift; path = NotificationObserver.swift; sourceTree = "<group>"; };
		4392FB7C1E2AFEFF00E3D8BD /* HomeTabBarController.swift */ = {isa = PBXFileReference; fileEncoding = 4; lastKnownFileType = sourcecode.swift; path = HomeTabBarController.swift; sourceTree = "<group>"; };
		43A985A31E2AB63300B64B50 /* MapViewController.swift */ = {isa = PBXFileReference; fileEncoding = 4; lastKnownFileType = sourcecode.swift; path = MapViewController.swift; sourceTree = "<group>"; };
		43AB113B1E21A08E00A780CD /* SelectFBPageTableViewCell.swift */ = {isa = PBXFileReference; fileEncoding = 4; lastKnownFileType = sourcecode.swift; path = SelectFBPageTableViewCell.swift; sourceTree = "<group>"; };
		43AB113E1E21B29200A780CD /* SelectedPageCollectionViewCell.swift */ = {isa = PBXFileReference; fileEncoding = 4; lastKnownFileType = sourcecode.swift; path = SelectedPageCollectionViewCell.swift; sourceTree = "<group>"; };
		43E444921E31134D004FBE48 /* PageCoreDataService.swift */ = {isa = PBXFileReference; fileEncoding = 4; lastKnownFileType = sourcecode.swift; path = PageCoreDataService.swift; sourceTree = "<group>"; };
		43ED79D01E1FA93100E4FE5D /* Extensions.swift */ = {isa = PBXFileReference; fileEncoding = 4; lastKnownFileType = sourcecode.swift; path = Extensions.swift; sourceTree = "<group>"; };
		707C6EC0B3251A10BE57957A /* Pods-Campus BuddyUITests.release.xcconfig */ = {isa = PBXFileReference; includeInIndex = 1; lastKnownFileType = text.xcconfig; name = "Pods-Campus BuddyUITests.release.xcconfig"; path = "Pods/Target Support Files/Pods-Campus BuddyUITests/Pods-Campus BuddyUITests.release.xcconfig"; sourceTree = "<group>"; };
		95B69A8251AFED4D8BD7DDA6 /* Pods-Campus Buddy.release.xcconfig */ = {isa = PBXFileReference; includeInIndex = 1; lastKnownFileType = text.xcconfig; name = "Pods-Campus Buddy.release.xcconfig"; path = "Pods/Target Support Files/Pods-Campus Buddy/Pods-Campus Buddy.release.xcconfig"; sourceTree = "<group>"; };
		A99E3ED3886C98C348474D38 /* Pods-Campus BuddyUITests.debug.xcconfig */ = {isa = PBXFileReference; includeInIndex = 1; lastKnownFileType = text.xcconfig; name = "Pods-Campus BuddyUITests.debug.xcconfig"; path = "Pods/Target Support Files/Pods-Campus BuddyUITests/Pods-Campus BuddyUITests.debug.xcconfig"; sourceTree = "<group>"; };
		D13207689AA3889C9CE3F7D5 /* Pods-Campus Buddy.debug.xcconfig */ = {isa = PBXFileReference; includeInIndex = 1; lastKnownFileType = text.xcconfig; name = "Pods-Campus Buddy.debug.xcconfig"; path = "Pods/Target Support Files/Pods-Campus Buddy/Pods-Campus Buddy.debug.xcconfig"; sourceTree = "<group>"; };
		DCF1E1771121F6E76129B22E /* Pods_Campus_BuddyUITests.framework */ = {isa = PBXFileReference; explicitFileType = wrapper.framework; includeInIndex = 0; path = Pods_Campus_BuddyUITests.framework; sourceTree = BUILT_PRODUCTS_DIR; };
		FA9226842B463FE6C8C70567 /* Pods-Campus BuddyTests.debug.xcconfig */ = {isa = PBXFileReference; includeInIndex = 1; lastKnownFileType = text.xcconfig; name = "Pods-Campus BuddyTests.debug.xcconfig"; path = "Pods/Target Support Files/Pods-Campus BuddyTests/Pods-Campus BuddyTests.debug.xcconfig"; sourceTree = "<group>"; };
/* End PBXFileReference section */

/* Begin PBXFrameworksBuildPhase section */
		43090DEA1E1E745C0010FBF8 /* Frameworks */ = {
			isa = PBXFrameworksBuildPhase;
			buildActionMask = 2147483647;
			files = (
				56F3CDF3E73E5FF460E438DE /* Pods_Campus_Buddy.framework in Frameworks */,
			);
			runOnlyForDeploymentPostprocessing = 0;
		};
		43090E011E1E745C0010FBF8 /* Frameworks */ = {
			isa = PBXFrameworksBuildPhase;
			buildActionMask = 2147483647;
			files = (
				7B2E0E7D4493DD8A4BFD1F34 /* Pods_Campus_BuddyTests.framework in Frameworks */,
			);
			runOnlyForDeploymentPostprocessing = 0;
		};
		43090E0C1E1E745C0010FBF8 /* Frameworks */ = {
			isa = PBXFrameworksBuildPhase;
			buildActionMask = 2147483647;
			files = (
				2C12F9178AC12C0DAD9B8C03 /* Pods_Campus_BuddyUITests.framework in Frameworks */,
			);
			runOnlyForDeploymentPostprocessing = 0;
		};
/* End PBXFrameworksBuildPhase section */

/* Begin PBXGroup section */
		05D448A6D8B908D61A60F219 /* Pods */ = {
			isa = PBXGroup;
			children = (
				D13207689AA3889C9CE3F7D5 /* Pods-Campus Buddy.debug.xcconfig */,
				95B69A8251AFED4D8BD7DDA6 /* Pods-Campus Buddy.release.xcconfig */,
				FA9226842B463FE6C8C70567 /* Pods-Campus BuddyTests.debug.xcconfig */,
				3B13FE198E5D2C87E4FBFE57 /* Pods-Campus BuddyTests.release.xcconfig */,
				A99E3ED3886C98C348474D38 /* Pods-Campus BuddyUITests.debug.xcconfig */,
				707C6EC0B3251A10BE57957A /* Pods-Campus BuddyUITests.release.xcconfig */,
			);
			name = Pods;
			sourceTree = "<group>";
		};
		4300504B1E20F7A30049870F /* Notices */ = {
			isa = PBXGroup;
			children = (
				4300504C1E20F7EF0049870F /* FacebookPagesSelectionTableViewController.swift */,
				433D13EB1E263A9200744CD2 /* FbPostsTableViewController.swift */,
			);
			name = Notices;
			sourceTree = "<group>";
		};
		43090DE41E1E745C0010FBF8 = {
			isa = PBXGroup;
			children = (
				43090DEF1E1E745C0010FBF8 /* Campus Buddy */,
				43090E071E1E745C0010FBF8 /* Campus BuddyTests */,
				43090E121E1E745C0010FBF8 /* Campus BuddyUITests */,
				43090DEE1E1E745C0010FBF8 /* Products */,
				05D448A6D8B908D61A60F219 /* Pods */,
				B12B1CE66970FE48C09FA3E5 /* Frameworks */,
			);
			sourceTree = "<group>";
		};
		43090DEE1E1E745C0010FBF8 /* Products */ = {
			isa = PBXGroup;
			children = (
				43090DED1E1E745C0010FBF8 /* Campus Buddy.app */,
				43090E041E1E745C0010FBF8 /* Campus BuddyTests.xctest */,
				43090E0F1E1E745C0010FBF8 /* Campus BuddyUITests.xctest */,
			);
			name = Products;
			sourceTree = "<group>";
		};
		43090DEF1E1E745C0010FBF8 /* Campus Buddy */ = {
			isa = PBXGroup;
			children = (
				431EFF961E29A3E20065B850 /* Campus Buddy.entitlements */,
				43090DF01E1E745C0010FBF8 /* AppDelegate.swift */,
				43090E211E1E7A9F0010FBF8 /* Modals */,
				43090E221E1E7AA70010FBF8 /* Views */,
				43090E231E1E7AAD0010FBF8 /* Controllers */,
				43090E241E1E7AB30010FBF8 /* Services */,
				43090E251E1E7ABE0010FBF8 /* Utilities */,
				43090E261E1E7AC50010FBF8 /* Supporting Files */,
				43090DFA1E1E745C0010FBF8 /* Assets.xcassets */,
				431EFF921E2994590065B850 /* GoogleService-Info.plist */,
				43090DFF1E1E745C0010FBF8 /* Info.plist */,
			);
			path = "Campus Buddy";
			sourceTree = "<group>";
		};
		43090E071E1E745C0010FBF8 /* Campus BuddyTests */ = {
			isa = PBXGroup;
			children = (
				43090E081E1E745C0010FBF8 /* Campus_BuddyTests.swift */,
				43090E0A1E1E745C0010FBF8 /* Info.plist */,
			);
			path = "Campus BuddyTests";
			sourceTree = "<group>";
		};
		43090E121E1E745C0010FBF8 /* Campus BuddyUITests */ = {
			isa = PBXGroup;
			children = (
				43090E131E1E745C0010FBF8 /* Campus_BuddyUITests.swift */,
				43090E151E1E745C0010FBF8 /* Info.plist */,
			);
			path = "Campus BuddyUITests";
			sourceTree = "<group>";
		};
		43090E211E1E7A9F0010FBF8 /* Modals */ = {
			isa = PBXGroup;
			children = (
				43090DF71E1E745C0010FBF8 /* Campus_Buddy.xcdatamodeld */,
			);
			name = Modals;
			sourceTree = "<group>";
		};
		43090E221E1E7AA70010FBF8 /* Views */ = {
			isa = PBXGroup;
			children = (
				43090DF41E1E745C0010FBF8 /* Main.storyboard */,
				43090DFC1E1E745C0010FBF8 /* LaunchScreen.storyboard */,
			);
			name = Views;
			sourceTree = "<group>";
		};
		43090E231E1E7AAD0010FBF8 /* Controllers */ = {
			isa = PBXGroup;
			children = (
				4333E3051E343E3800DF4708 /* PageViewController */,
				43AB113D1E21B27800A780CD /* CollectionViewCells */,
				43ED79CC1E1F97A400E4FE5D /* TableViewCells */,
				43090E331E1E7E080010FBF8 /* Tabs */,
			);
			name = Controllers;
			sourceTree = "<group>";
		};
		43090E241E1E7AB30010FBF8 /* Services */ = {
			isa = PBXGroup;
			children = (
				43832B0A1E2D15C100BF617D /* Network.swift */,
				43832B081E2D13A500BF617D /* Reachability.swift */,
				43277E3E1E2ACB5C00863831 /* SwiftyJSON.swift */,
				43277E3B1E2AC98100863831 /* Locations */,
				437C4B811E214EBB006CACEC /* Facebook */,
				43ED79CF1E1F98C500E4FE5D /* Professor */,
				43ED79CE1E1F98AB00E4FE5D /* DepartmentClasses */,
			);
			name = Services;
			sourceTree = "<group>";
		};
		43090E251E1E7ABE0010FBF8 /* Utilities */ = {
			isa = PBXGroup;
			children = (
				43ED79D01E1FA93100E4FE5D /* Extensions.swift */,
				431B22C01E342EA3003280D0 /* Toast.swift */,
				43090E301E1E7B870010FBF8 /* ColorCode */,
				43090E2D1E1E7B330010FBF8 /* ActivityIndicator */,
				43090E281E1E7B300010FBF8 /* DeviceSizes.swift */,
				43090E291E1E7B300010FBF8 /* Utils.swift */,
			);
			name = Utilities;
			sourceTree = "<group>";
		};
		43090E261E1E7AC50010FBF8 /* Supporting Files */ = {
			isa = PBXGroup;
			children = (
				43277E391E2AB7C000863831 /* IITRLocationsInfo.json */,
				43090E3F1E1E7E2F0010FBF8 /* ProfessorContactatIItR.json */,
			);
			name = "Supporting Files";
			sourceTree = "<group>";
		};
		43090E2D1E1E7B330010FBF8 /* ActivityIndicator */ = {
			isa = PBXGroup;
			children = (
				43090E271E1E7B300010FBF8 /* ActivityIndicator.swift */,
			);
			name = ActivityIndicator;
			sourceTree = "<group>";
		};
		43090E301E1E7B870010FBF8 /* ColorCode */ = {
			isa = PBXGroup;
			children = (
				43090E311E1E7CBB0010FBF8 /* ColorCodeExtensions.swift */,
				43090E2E1E1E7B830010FBF8 /* ColorCode.swift */,
			);
			name = ColorCode;
			sourceTree = "<group>";
		};
		43090E331E1E7E080010FBF8 /* Tabs */ = {
			isa = PBXGroup;
			children = (
				43363BF11E2930B8006DEB11 /* TabBarController */,
				43A985A21E2AB61E00B64B50 /* Maps */,
				4300504B1E20F7A30049870F /* Notices */,
				43090E341E1E7E130010FBF8 /* Contacts */,
				43ED79CD1E1F980700E4FE5D /* About */,
			);
			name = Tabs;
			sourceTree = "<group>";
		};
		43090E341E1E7E130010FBF8 /* Contacts */ = {
			isa = PBXGroup;
			children = (
				43090E3A1E1E7E2F0010FBF8 /* DepartmentsTableViewController.swift */,
				43090E391E1E7E2F0010FBF8 /* DepartmentProfTableViewController.swift */,
				43090E371E1E7E2F0010FBF8 /* ContactInfoTableViewController.swift */,
			);
			name = Contacts;
			sourceTree = "<group>";
		};
		43277E3B1E2AC98100863831 /* Locations */ = {
			isa = PBXGroup;
			children = (
				43277E3C1E2AC9BF00863831 /* IITRLocation.swift */,
			);
			name = Locations;
			sourceTree = "<group>";
		};
		4333E3051E343E3800DF4708 /* PageViewController */ = {
			isa = PBXGroup;
			children = (
				4333E2FA1E343A3000DF4708 /* PageCell.swift */,
				4333E2FC1E343A4400DF4708 /* Page.swift */,
				4333E2F81E343A0600DF4708 /* MainViewController.swift */,
			);
			name = PageViewController;
			sourceTree = "<group>";
		};
		43363BF11E2930B8006DEB11 /* TabBarController */ = {
			isa = PBXGroup;
			children = (
				4392FB7C1E2AFEFF00E3D8BD /* HomeTabBarController.swift */,
			);
			name = TabBarController;
			sourceTree = "<group>";
		};
		437C4B811E214EBB006CACEC /* Facebook */ = {
			isa = PBXGroup;
			children = (
				437C4B821E214ECB006CACEC /* FacebookPage.swift */,
				437C4B841E214FAC006CACEC /* FacebookResources.swift */,
				433D13FD1E26BB4200744CD2 /* FbPost.swift */,
				43E444921E31134D004FBE48 /* PageCoreDataService.swift */,
			);
			name = Facebook;
			sourceTree = "<group>";
		};
		4392FB4D1E2AEB8C00E3D8BD /* Reference */ = {
			isa = PBXGroup;
			children = (
				4392FB6B1E2AEC1800E3D8BD /* RoundedButton.swift */,
				4392FB6C1E2AEC1800E3D8BD /* SDKDemoAPIKey.swift */,
				4392FB6D1E2AEC1800E3D8BD /* ShadowLineView.swift */,
				4392FB6E1E2AEC1800E3D8BD /* ShadowView.swift */,
				4392FB6F1E2AEC1800E3D8BD /* Styles.swift */,
				4392FB6A1E2AEC0300E3D8BD /* PlaceDetail */,
				4392FB5B1E2AEBE500E3D8BD /* PickAPlace */,
				4392FB561E2AEBCE00E3D8BD /* Containers */,
			);
			name = Reference;
			sourceTree = "<group>";
		};
		4392FB561E2AEBCE00E3D8BD /* Containers */ = {
			isa = PBXGroup;
			children = (
				4392FB4E1E2AEBCA00E3D8BD /* BackgroundMapViewController.swift */,
				4392FB4F1E2AEBCA00E3D8BD /* BaseContainerViewController.swift */,
				4392FB501E2AEBCA00E3D8BD /* InsetViewController.swift */,
				4392FB511E2AEBCA00E3D8BD /* SplitPaneViewController.swift */,
			);
			name = Containers;
			sourceTree = "<group>";
		};
		4392FB5B1E2AEBE500E3D8BD /* PickAPlace */ = {
			isa = PBXGroup;
			children = (
				4392FB571E2AEBDC00E3D8BD /* PickAPlaceViewController.swift */,
				4392FB581E2AEBDC00E3D8BD /* PickAPlaceViewController.xib */,
			);
			name = PickAPlace;
			sourceTree = "<group>";
		};
		4392FB6A1E2AEC0300E3D8BD /* PlaceDetail */ = {
			isa = PBXGroup;
			children = (
				4392FB5C1E2AEBFA00E3D8BD /* PlaceAttributeCell.swift */,
				4392FB5D1E2AEBFA00E3D8BD /* PlaceAttributeCell.xib */,
				4392FB5E1E2AEBFA00E3D8BD /* PlaceDetailTableViewDataSource.swift */,
				4392FB5F1E2AEBFA00E3D8BD /* PlaceDetailViewController.swift */,
				4392FB601E2AEBFA00E3D8BD /* PlaceDetailViewController.xib */,
				4392FB611E2AEBFA00E3D8BD /* PlaceNameHeader.swift */,
				4392FB621E2AEBFA00E3D8BD /* PlaceNameHeader.xib */,
			);
			name = PlaceDetail;
			sourceTree = "<group>";
		};
		4392FB791E2AEDC800E3D8BD /* Support */ = {
			isa = PBXGroup;
			children = (
				4392FB761E2AEDC400E3D8BD /* NotificationObserver.swift */,
				4392FB751E2AEDC400E3D8BD /* CGRect+Extensions.swift */,
			);
			name = Support;
			sourceTree = "<group>";
		};
		43A985A21E2AB61E00B64B50 /* Maps */ = {
			isa = PBXGroup;
			children = (
				43A985A31E2AB63300B64B50 /* MapViewController.swift */,
				4392FB791E2AEDC800E3D8BD /* Support */,
				4392FB4D1E2AEB8C00E3D8BD /* Reference */,
			);
			name = Maps;
			sourceTree = "<group>";
		};
		43AB113D1E21B27800A780CD /* CollectionViewCells */ = {
			isa = PBXGroup;
			children = (
				43AB113E1E21B29200A780CD /* SelectedPageCollectionViewCell.swift */,
			);
			name = CollectionViewCells;
			sourceTree = "<group>";
		};
		43ED79CC1E1F97A400E4FE5D /* TableViewCells */ = {
			isa = PBXGroup;
			children = (
				43090E361E1E7E2F0010FBF8 /* ContactInfoTableViewCell.swift */,
				43090E3B1E1E7E2F0010FBF8 /* DepartmentTableViewCell.swift */,
				43090E3E1E1E7E2F0010FBF8 /* ProfContactTableViewCell.swift */,
				43AB113B1E21A08E00A780CD /* SelectFBPageTableViewCell.swift */,
				433D13E91E2638FE00744CD2 /* PostTableViewCell.swift */,
			);
			name = TableViewCells;
			sourceTree = "<group>";
		};
		43ED79CD1E1F980700E4FE5D /* About */ = {
			isa = PBXGroup;
			children = (
				43090E401E1E7E2F0010FBF8 /* SettingsTableViewController.swift */,
			);
			name = About;
			sourceTree = "<group>";
		};
		43ED79CE1E1F98AB00E4FE5D /* DepartmentClasses */ = {
			isa = PBXGroup;
			children = (
				43090E381E1E7E2F0010FBF8 /* DepartmentCell.swift */,
			);
			name = DepartmentClasses;
			sourceTree = "<group>";
		};
		43ED79CF1E1F98C500E4FE5D /* Professor */ = {
			isa = PBXGroup;
			children = (
				43090E3D1E1E7E2F0010FBF8 /* ProfContactCell.swift */,
			);
			name = Professor;
			sourceTree = "<group>";
		};
		B12B1CE66970FE48C09FA3E5 /* Frameworks */ = {
			isa = PBXGroup;
			children = (
				3677FEF90A8AE6CD3BA95DA9 /* Pods_Campus_Buddy.framework */,
				0153D060F89A2D4FE5119E3E /* Pods_Campus_BuddyTests.framework */,
				DCF1E1771121F6E76129B22E /* Pods_Campus_BuddyUITests.framework */,
			);
			name = Frameworks;
			sourceTree = "<group>";
		};
/* End PBXGroup section */

/* Begin PBXNativeTarget section */
		43090DEC1E1E745C0010FBF8 /* Campus Buddy */ = {
			isa = PBXNativeTarget;
			buildConfigurationList = 43090E181E1E745C0010FBF8 /* Build configuration list for PBXNativeTarget "Campus Buddy" */;
			buildPhases = (
				560A20D51B02152B0ACE2B4F /* [CP] Check Pods Manifest.lock */,
				43090DE91E1E745C0010FBF8 /* Sources */,
				43090DEA1E1E745C0010FBF8 /* Frameworks */,
				43090DEB1E1E745C0010FBF8 /* Resources */,
				0F8035FFF885573A2911B251 /* [CP] Embed Pods Frameworks */,
				831F58F41CA3CF4D2F9D66CD /* [CP] Copy Pods Resources */,
			);
			buildRules = (
			);
			dependencies = (
			);
			name = "Campus Buddy";
			productName = "Campus Buddy";
			productReference = 43090DED1E1E745C0010FBF8 /* Campus Buddy.app */;
			productType = "com.apple.product-type.application";
		};
		43090E031E1E745C0010FBF8 /* Campus BuddyTests */ = {
			isa = PBXNativeTarget;
			buildConfigurationList = 43090E1B1E1E745C0010FBF8 /* Build configuration list for PBXNativeTarget "Campus BuddyTests" */;
			buildPhases = (
				80D35E52DC0B185C2F348829 /* [CP] Check Pods Manifest.lock */,
				43090E001E1E745C0010FBF8 /* Sources */,
				43090E011E1E745C0010FBF8 /* Frameworks */,
				43090E021E1E745C0010FBF8 /* Resources */,
				271697B2E566591B34D78129 /* [CP] Embed Pods Frameworks */,
				20B3D564744FA424323AA26C /* [CP] Copy Pods Resources */,
			);
			buildRules = (
			);
			dependencies = (
				43090E061E1E745C0010FBF8 /* PBXTargetDependency */,
			);
			name = "Campus BuddyTests";
			productName = "Campus BuddyTests";
			productReference = 43090E041E1E745C0010FBF8 /* Campus BuddyTests.xctest */;
			productType = "com.apple.product-type.bundle.unit-test";
		};
		43090E0E1E1E745C0010FBF8 /* Campus BuddyUITests */ = {
			isa = PBXNativeTarget;
			buildConfigurationList = 43090E1E1E1E745C0010FBF8 /* Build configuration list for PBXNativeTarget "Campus BuddyUITests" */;
			buildPhases = (
				2B2E37017D46DD9A81310C33 /* [CP] Check Pods Manifest.lock */,
				43090E0B1E1E745C0010FBF8 /* Sources */,
				43090E0C1E1E745C0010FBF8 /* Frameworks */,
				43090E0D1E1E745C0010FBF8 /* Resources */,
				577A6B8AEB0174F9816A4CFA /* [CP] Embed Pods Frameworks */,
				D03D73989701DB7C597FFE74 /* [CP] Copy Pods Resources */,
			);
			buildRules = (
			);
			dependencies = (
				43090E111E1E745C0010FBF8 /* PBXTargetDependency */,
			);
			name = "Campus BuddyUITests";
			productName = "Campus BuddyUITests";
			productReference = 43090E0F1E1E745C0010FBF8 /* Campus BuddyUITests.xctest */;
			productType = "com.apple.product-type.bundle.ui-testing";
		};
/* End PBXNativeTarget section */

/* Begin PBXProject section */
		43090DE51E1E745C0010FBF8 /* Project object */ = {
			isa = PBXProject;
			attributes = {
				LastSwiftUpdateCheck = 0820;
				LastUpgradeCheck = 0820;
				ORGANIZATIONNAME = "Kush Taneja";
				TargetAttributes = {
					43090DEC1E1E745C0010FBF8 = {
						CreatedOnToolsVersion = 8.2.1;
						DevelopmentTeam = JTK792GD3V;
						ProvisioningStyle = Automatic;
						SystemCapabilities = {
							com.apple.BackgroundModes = {
								enabled = 1;
							};
							com.apple.Push = {
								enabled = 1;
							};
						};
					};
					43090E031E1E745C0010FBF8 = {
						CreatedOnToolsVersion = 8.2.1;
						DevelopmentTeam = JTK792GD3V;
						ProvisioningStyle = Automatic;
						TestTargetID = 43090DEC1E1E745C0010FBF8;
					};
					43090E0E1E1E745C0010FBF8 = {
						CreatedOnToolsVersion = 8.2.1;
						DevelopmentTeam = JTK792GD3V;
						ProvisioningStyle = Automatic;
						TestTargetID = 43090DEC1E1E745C0010FBF8;
					};
				};
			};
			buildConfigurationList = 43090DE81E1E745C0010FBF8 /* Build configuration list for PBXProject "Campus Buddy" */;
			compatibilityVersion = "Xcode 3.2";
			developmentRegion = English;
			hasScannedForEncodings = 0;
			knownRegions = (
				en,
				Base,
			);
			mainGroup = 43090DE41E1E745C0010FBF8;
			productRefGroup = 43090DEE1E1E745C0010FBF8 /* Products */;
			projectDirPath = "";
			projectRoot = "";
			targets = (
				43090DEC1E1E745C0010FBF8 /* Campus Buddy */,
				43090E031E1E745C0010FBF8 /* Campus BuddyTests */,
				43090E0E1E1E745C0010FBF8 /* Campus BuddyUITests */,
			);
		};
/* End PBXProject section */

/* Begin PBXResourcesBuildPhase section */
		43090DEB1E1E745C0010FBF8 /* Resources */ = {
			isa = PBXResourcesBuildPhase;
			buildActionMask = 2147483647;
			files = (
				4392FB641E2AEBFA00E3D8BD /* PlaceAttributeCell.xib in Resources */,
				4392FB5A1E2AEBDC00E3D8BD /* PickAPlaceViewController.xib in Resources */,
				43090DFE1E1E745C0010FBF8 /* LaunchScreen.storyboard in Resources */,
				43090DFB1E1E745C0010FBF8 /* Assets.xcassets in Resources */,
				431EFF931E2994590065B850 /* GoogleService-Info.plist in Resources */,
				4392FB691E2AEBFA00E3D8BD /* PlaceNameHeader.xib in Resources */,
				43090DF61E1E745C0010FBF8 /* Main.storyboard in Resources */,
				4392FB671E2AEBFA00E3D8BD /* PlaceDetailViewController.xib in Resources */,
				43277E3A1E2AB7C000863831 /* IITRLocationsInfo.json in Resources */,
				43090E4B1E1E7E2F0010FBF8 /* ProfessorContactatIItR.json in Resources */,
			);
			runOnlyForDeploymentPostprocessing = 0;
		};
		43090E021E1E745C0010FBF8 /* Resources */ = {
			isa = PBXResourcesBuildPhase;
			buildActionMask = 2147483647;
			files = (
				431EFF941E29A2B70065B850 /* GoogleService-Info.plist in Resources */,
			);
			runOnlyForDeploymentPostprocessing = 0;
		};
		43090E0D1E1E745C0010FBF8 /* Resources */ = {
			isa = PBXResourcesBuildPhase;
			buildActionMask = 2147483647;
			files = (
				431EFF951E29A2B80065B850 /* GoogleService-Info.plist in Resources */,
			);
			runOnlyForDeploymentPostprocessing = 0;
		};
/* End PBXResourcesBuildPhase section */

/* Begin PBXShellScriptBuildPhase section */
		0F8035FFF885573A2911B251 /* [CP] Embed Pods Frameworks */ = {
			isa = PBXShellScriptBuildPhase;
			buildActionMask = 2147483647;
			files = (
			);
			inputPaths = (
			);
			name = "[CP] Embed Pods Frameworks";
			outputPaths = (
			);
			runOnlyForDeploymentPostprocessing = 0;
			shellPath = /bin/sh;
			shellScript = "\"${SRCROOT}/Pods/Target Support Files/Pods-Campus Buddy/Pods-Campus Buddy-frameworks.sh\"\n";
			showEnvVarsInLog = 0;
		};
		20B3D564744FA424323AA26C /* [CP] Copy Pods Resources */ = {
			isa = PBXShellScriptBuildPhase;
			buildActionMask = 2147483647;
			files = (
			);
			inputPaths = (
			);
			name = "[CP] Copy Pods Resources";
			outputPaths = (
			);
			runOnlyForDeploymentPostprocessing = 0;
			shellPath = /bin/sh;
			shellScript = "\"${SRCROOT}/Pods/Target Support Files/Pods-Campus BuddyTests/Pods-Campus BuddyTests-resources.sh\"\n";
			showEnvVarsInLog = 0;
		};
		271697B2E566591B34D78129 /* [CP] Embed Pods Frameworks */ = {
			isa = PBXShellScriptBuildPhase;
			buildActionMask = 2147483647;
			files = (
			);
			inputPaths = (
			);
			name = "[CP] Embed Pods Frameworks";
			outputPaths = (
			);
			runOnlyForDeploymentPostprocessing = 0;
			shellPath = /bin/sh;
			shellScript = "\"${SRCROOT}/Pods/Target Support Files/Pods-Campus BuddyTests/Pods-Campus BuddyTests-frameworks.sh\"\n";
			showEnvVarsInLog = 0;
		};
		2B2E37017D46DD9A81310C33 /* [CP] Check Pods Manifest.lock */ = {
			isa = PBXShellScriptBuildPhase;
			buildActionMask = 2147483647;
			files = (
			);
			inputPaths = (
			);
			name = "[CP] Check Pods Manifest.lock";
			outputPaths = (
			);
			runOnlyForDeploymentPostprocessing = 0;
			shellPath = /bin/sh;
			shellScript = "diff \"${PODS_ROOT}/../Podfile.lock\" \"${PODS_ROOT}/Manifest.lock\" > /dev/null\nif [ $? != 0 ] ; then\n    # print error to STDERR\n    echo \"error: The sandbox is not in sync with the Podfile.lock. Run 'pod install' or update your CocoaPods installation.\" >&2\n    exit 1\nfi\n";
			showEnvVarsInLog = 0;
		};
		560A20D51B02152B0ACE2B4F /* [CP] Check Pods Manifest.lock */ = {
			isa = PBXShellScriptBuildPhase;
			buildActionMask = 2147483647;
			files = (
			);
			inputPaths = (
			);
			name = "[CP] Check Pods Manifest.lock";
			outputPaths = (
			);
			runOnlyForDeploymentPostprocessing = 0;
			shellPath = /bin/sh;
			shellScript = "diff \"${PODS_ROOT}/../Podfile.lock\" \"${PODS_ROOT}/Manifest.lock\" > /dev/null\nif [ $? != 0 ] ; then\n    # print error to STDERR\n    echo \"error: The sandbox is not in sync with the Podfile.lock. Run 'pod install' or update your CocoaPods installation.\" >&2\n    exit 1\nfi\n";
			showEnvVarsInLog = 0;
		};
		577A6B8AEB0174F9816A4CFA /* [CP] Embed Pods Frameworks */ = {
			isa = PBXShellScriptBuildPhase;
			buildActionMask = 2147483647;
			files = (
			);
			inputPaths = (
			);
			name = "[CP] Embed Pods Frameworks";
			outputPaths = (
			);
			runOnlyForDeploymentPostprocessing = 0;
			shellPath = /bin/sh;
			shellScript = "\"${SRCROOT}/Pods/Target Support Files/Pods-Campus BuddyUITests/Pods-Campus BuddyUITests-frameworks.sh\"\n";
			showEnvVarsInLog = 0;
		};
		80D35E52DC0B185C2F348829 /* [CP] Check Pods Manifest.lock */ = {
			isa = PBXShellScriptBuildPhase;
			buildActionMask = 2147483647;
			files = (
			);
			inputPaths = (
			);
			name = "[CP] Check Pods Manifest.lock";
			outputPaths = (
			);
			runOnlyForDeploymentPostprocessing = 0;
			shellPath = /bin/sh;
			shellScript = "diff \"${PODS_ROOT}/../Podfile.lock\" \"${PODS_ROOT}/Manifest.lock\" > /dev/null\nif [ $? != 0 ] ; then\n    # print error to STDERR\n    echo \"error: The sandbox is not in sync with the Podfile.lock. Run 'pod install' or update your CocoaPods installation.\" >&2\n    exit 1\nfi\n";
			showEnvVarsInLog = 0;
		};
		831F58F41CA3CF4D2F9D66CD /* [CP] Copy Pods Resources */ = {
			isa = PBXShellScriptBuildPhase;
			buildActionMask = 2147483647;
			files = (
			);
			inputPaths = (
			);
			name = "[CP] Copy Pods Resources";
			outputPaths = (
			);
			runOnlyForDeploymentPostprocessing = 0;
			shellPath = /bin/sh;
			shellScript = "\"${SRCROOT}/Pods/Target Support Files/Pods-Campus Buddy/Pods-Campus Buddy-resources.sh\"\n";
			showEnvVarsInLog = 0;
		};
		D03D73989701DB7C597FFE74 /* [CP] Copy Pods Resources */ = {
			isa = PBXShellScriptBuildPhase;
			buildActionMask = 2147483647;
			files = (
			);
			inputPaths = (
			);
			name = "[CP] Copy Pods Resources";
			outputPaths = (
			);
			runOnlyForDeploymentPostprocessing = 0;
			shellPath = /bin/sh;
			shellScript = "\"${SRCROOT}/Pods/Target Support Files/Pods-Campus BuddyUITests/Pods-Campus BuddyUITests-resources.sh\"\n";
			showEnvVarsInLog = 0;
		};
/* End PBXShellScriptBuildPhase section */

/* Begin PBXSourcesBuildPhase section */
		43090DE91E1E745C0010FBF8 /* Sources */ = {
			isa = PBXSourcesBuildPhase;
			buildActionMask = 2147483647;
			files = (
				4392FB541E2AEBCA00E3D8BD /* InsetViewController.swift in Sources */,
				43090E471E1E7E2F0010FBF8 /* DepartmentTableViewCell.swift in Sources */,
				43090E2C1E1E7B300010FBF8 /* Utils.swift in Sources */,
				4392FB701E2AEC1800E3D8BD /* RoundedButton.swift in Sources */,
				43AB113F1E21B29200A780CD /* SelectedPageCollectionViewCell.swift in Sources */,
				43E444931E31134D004FBE48 /* PageCoreDataService.swift in Sources */,
				437C4B851E214FAC006CACEC /* FacebookResources.swift in Sources */,
				4392FB731E2AEC1800E3D8BD /* ShadowView.swift in Sources */,
				43090DF91E1E745C0010FBF8 /* Campus_Buddy.xcdatamodeld in Sources */,
				43090E431E1E7E2F0010FBF8 /* ContactInfoTableViewController.swift in Sources */,
				4392FB551E2AEBCA00E3D8BD /* SplitPaneViewController.swift in Sources */,
				43090E2A1E1E7B300010FBF8 /* ActivityIndicator.swift in Sources */,
				4392FB661E2AEBFA00E3D8BD /* PlaceDetailViewController.swift in Sources */,
				43090E4C1E1E7E2F0010FBF8 /* SettingsTableViewController.swift in Sources */,
				4333E2FD1E343A4400DF4708 /* Page.swift in Sources */,
				4392FB681E2AEBFA00E3D8BD /* PlaceNameHeader.swift in Sources */,
				43832B0B1E2D15C100BF617D /* Network.swift in Sources */,
				4392FB7D1E2AFEFF00E3D8BD /* HomeTabBarController.swift in Sources */,
				43090E2B1E1E7B300010FBF8 /* DeviceSizes.swift in Sources */,
				4392FB741E2AEC1800E3D8BD /* Styles.swift in Sources */,
				43090E451E1E7E2F0010FBF8 /* DepartmentProfTableViewController.swift in Sources */,
				431B22C11E342EA3003280D0 /* Toast.swift in Sources */,
				4392FB771E2AEDC400E3D8BD /* CGRect+Extensions.swift in Sources */,
				4392FB651E2AEBFA00E3D8BD /* PlaceDetailTableViewDataSource.swift in Sources */,
				4333E2FB1E343A3000DF4708 /* PageCell.swift in Sources */,
				43090E421E1E7E2F0010FBF8 /* ContactInfoTableViewCell.swift in Sources */,
				4392FB711E2AEC1800E3D8BD /* SDKDemoAPIKey.swift in Sources */,
				43090E321E1E7CBB0010FBF8 /* ColorCodeExtensions.swift in Sources */,
				43090E2F1E1E7B830010FBF8 /* ColorCode.swift in Sources */,
				43090E461E1E7E2F0010FBF8 /* DepartmentsTableViewController.swift in Sources */,
				433D13EC1E263A9200744CD2 /* FbPostsTableViewController.swift in Sources */,
				433D13EA1E2638FE00744CD2 /* PostTableViewCell.swift in Sources */,
				433D13FE1E26BB4200744CD2 /* FbPost.swift in Sources */,
				4392FB721E2AEC1800E3D8BD /* ShadowLineView.swift in Sources */,
				4392FB531E2AEBCA00E3D8BD /* BaseContainerViewController.swift in Sources */,
				43090DF11E1E745C0010FBF8 /* AppDelegate.swift in Sources */,
				43090E491E1E7E2F0010FBF8 /* ProfContactCell.swift in Sources */,
				4392FB631E2AEBFA00E3D8BD /* PlaceAttributeCell.swift in Sources */,
				4392FB781E2AEDC400E3D8BD /* NotificationObserver.swift in Sources */,
				43277E3F1E2ACB5C00863831 /* SwiftyJSON.swift in Sources */,
				43277E3D1E2AC9BF00863831 /* IITRLocation.swift in Sources */,
				4333E2F91E343A0600DF4708 /* MainViewController.swift in Sources */,
				43A985A41E2AB63300B64B50 /* MapViewController.swift in Sources */,
				43AB113C1E21A08E00A780CD /* SelectFBPageTableViewCell.swift in Sources */,
				43832B091E2D13A500BF617D /* Reachability.swift in Sources */,
				43ED79D11E1FA93100E4FE5D /* Extensions.swift in Sources */,
				4300504D1E20F7EF0049870F /* FacebookPagesSelectionTableViewController.swift in Sources */,
				43090E441E1E7E2F0010FBF8 /* DepartmentCell.swift in Sources */,
				4392FB521E2AEBCA00E3D8BD /* BackgroundMapViewController.swift in Sources */,
				4392FB591E2AEBDC00E3D8BD /* PickAPlaceViewController.swift in Sources */,
				43090E4A1E1E7E2F0010FBF8 /* ProfContactTableViewCell.swift in Sources */,
				437C4B831E214ECB006CACEC /* FacebookPage.swift in Sources */,
			);
			runOnlyForDeploymentPostprocessing = 0;
		};
		43090E001E1E745C0010FBF8 /* Sources */ = {
			isa = PBXSourcesBuildPhase;
			buildActionMask = 2147483647;
			files = (
				43090E091E1E745C0010FBF8 /* Campus_BuddyTests.swift in Sources */,
			);
			runOnlyForDeploymentPostprocessing = 0;
		};
		43090E0B1E1E745C0010FBF8 /* Sources */ = {
			isa = PBXSourcesBuildPhase;
			buildActionMask = 2147483647;
			files = (
				43090E141E1E745C0010FBF8 /* Campus_BuddyUITests.swift in Sources */,
			);
			runOnlyForDeploymentPostprocessing = 0;
		};
/* End PBXSourcesBuildPhase section */

/* Begin PBXTargetDependency section */
		43090E061E1E745C0010FBF8 /* PBXTargetDependency */ = {
			isa = PBXTargetDependency;
			target = 43090DEC1E1E745C0010FBF8 /* Campus Buddy */;
			targetProxy = 43090E051E1E745C0010FBF8 /* PBXContainerItemProxy */;
		};
		43090E111E1E745C0010FBF8 /* PBXTargetDependency */ = {
			isa = PBXTargetDependency;
			target = 43090DEC1E1E745C0010FBF8 /* Campus Buddy */;
			targetProxy = 43090E101E1E745C0010FBF8 /* PBXContainerItemProxy */;
		};
/* End PBXTargetDependency section */

/* Begin PBXVariantGroup section */
		43090DF41E1E745C0010FBF8 /* Main.storyboard */ = {
			isa = PBXVariantGroup;
			children = (
				43090DF51E1E745C0010FBF8 /* Base */,
			);
			name = Main.storyboard;
			sourceTree = "<group>";
		};
		43090DFC1E1E745C0010FBF8 /* LaunchScreen.storyboard */ = {
			isa = PBXVariantGroup;
			children = (
				43090DFD1E1E745C0010FBF8 /* Base */,
			);
			name = LaunchScreen.storyboard;
			sourceTree = "<group>";
		};
/* End PBXVariantGroup section */

/* Begin XCBuildConfiguration section */
		43090E161E1E745C0010FBF8 /* Debug */ = {
			isa = XCBuildConfiguration;
			buildSettings = {
				ALWAYS_SEARCH_USER_PATHS = NO;
				CLANG_ANALYZER_NONNULL = YES;
				CLANG_CXX_LANGUAGE_STANDARD = "gnu++0x";
				CLANG_CXX_LIBRARY = "libc++";
				CLANG_ENABLE_MODULES = YES;
				CLANG_ENABLE_OBJC_ARC = YES;
				CLANG_WARN_BOOL_CONVERSION = YES;
				CLANG_WARN_CONSTANT_CONVERSION = YES;
				CLANG_WARN_DIRECT_OBJC_ISA_USAGE = YES_ERROR;
				CLANG_WARN_DOCUMENTATION_COMMENTS = YES;
				CLANG_WARN_EMPTY_BODY = YES;
				CLANG_WARN_ENUM_CONVERSION = YES;
				CLANG_WARN_INFINITE_RECURSION = YES;
				CLANG_WARN_INT_CONVERSION = YES;
				CLANG_WARN_OBJC_ROOT_CLASS = YES_ERROR;
				CLANG_WARN_SUSPICIOUS_MOVE = YES;
				CLANG_WARN_UNREACHABLE_CODE = YES;
				CLANG_WARN__DUPLICATE_METHOD_MATCH = YES;
				"CODE_SIGN_IDENTITY[sdk=iphoneos*]" = "iPhone Developer";
				COPY_PHASE_STRIP = NO;
				DEBUG_INFORMATION_FORMAT = dwarf;
				ENABLE_STRICT_OBJC_MSGSEND = YES;
				ENABLE_TESTABILITY = YES;
				GCC_C_LANGUAGE_STANDARD = gnu99;
				GCC_DYNAMIC_NO_PIC = NO;
				GCC_NO_COMMON_BLOCKS = YES;
				GCC_OPTIMIZATION_LEVEL = 0;
				GCC_PREPROCESSOR_DEFINITIONS = (
					"DEBUG=1",
					"$(inherited)",
				);
				GCC_WARN_64_TO_32_BIT_CONVERSION = YES;
				GCC_WARN_ABOUT_RETURN_TYPE = YES_ERROR;
				GCC_WARN_UNDECLARED_SELECTOR = YES;
				GCC_WARN_UNINITIALIZED_AUTOS = YES_AGGRESSIVE;
				GCC_WARN_UNUSED_FUNCTION = YES;
				GCC_WARN_UNUSED_VARIABLE = YES;
				IPHONEOS_DEPLOYMENT_TARGET = 10.2;
				MTL_ENABLE_DEBUG_INFO = YES;
				ONLY_ACTIVE_ARCH = YES;
				SDKROOT = iphoneos;
				SWIFT_ACTIVE_COMPILATION_CONDITIONS = DEBUG;
				SWIFT_OPTIMIZATION_LEVEL = "-Onone";
				TARGETED_DEVICE_FAMILY = "1,2";
			};
			name = Debug;
		};
		43090E171E1E745C0010FBF8 /* Release */ = {
			isa = XCBuildConfiguration;
			buildSettings = {
				ALWAYS_SEARCH_USER_PATHS = NO;
				CLANG_ANALYZER_NONNULL = YES;
				CLANG_CXX_LANGUAGE_STANDARD = "gnu++0x";
				CLANG_CXX_LIBRARY = "libc++";
				CLANG_ENABLE_MODULES = YES;
				CLANG_ENABLE_OBJC_ARC = YES;
				CLANG_WARN_BOOL_CONVERSION = YES;
				CLANG_WARN_CONSTANT_CONVERSION = YES;
				CLANG_WARN_DIRECT_OBJC_ISA_USAGE = YES_ERROR;
				CLANG_WARN_DOCUMENTATION_COMMENTS = YES;
				CLANG_WARN_EMPTY_BODY = YES;
				CLANG_WARN_ENUM_CONVERSION = YES;
				CLANG_WARN_INFINITE_RECURSION = YES;
				CLANG_WARN_INT_CONVERSION = YES;
				CLANG_WARN_OBJC_ROOT_CLASS = YES_ERROR;
				CLANG_WARN_SUSPICIOUS_MOVE = YES;
				CLANG_WARN_UNREACHABLE_CODE = YES;
				CLANG_WARN__DUPLICATE_METHOD_MATCH = YES;
				"CODE_SIGN_IDENTITY[sdk=iphoneos*]" = "iPhone Developer";
				COPY_PHASE_STRIP = NO;
				DEBUG_INFORMATION_FORMAT = "dwarf-with-dsym";
				ENABLE_NS_ASSERTIONS = NO;
				ENABLE_STRICT_OBJC_MSGSEND = YES;
				GCC_C_LANGUAGE_STANDARD = gnu99;
				GCC_NO_COMMON_BLOCKS = YES;
				GCC_WARN_64_TO_32_BIT_CONVERSION = YES;
				GCC_WARN_ABOUT_RETURN_TYPE = YES_ERROR;
				GCC_WARN_UNDECLARED_SELECTOR = YES;
				GCC_WARN_UNINITIALIZED_AUTOS = YES_AGGRESSIVE;
				GCC_WARN_UNUSED_FUNCTION = YES;
				GCC_WARN_UNUSED_VARIABLE = YES;
				IPHONEOS_DEPLOYMENT_TARGET = 10.2;
				MTL_ENABLE_DEBUG_INFO = NO;
				SDKROOT = iphoneos;
				SWIFT_OPTIMIZATION_LEVEL = "-Owholemodule";
				TARGETED_DEVICE_FAMILY = "1,2";
				VALIDATE_PRODUCT = YES;
			};
			name = Release;
		};
		43090E191E1E745C0010FBF8 /* Debug */ = {
			isa = XCBuildConfiguration;
			baseConfigurationReference = D13207689AA3889C9CE3F7D5 /* Pods-Campus Buddy.debug.xcconfig */;
			buildSettings = {
				ASSETCATALOG_COMPILER_APPICON_NAME = AppIcon;
				CODE_SIGN_ENTITLEMENTS = "Campus Buddy/Campus Buddy.entitlements";
				DEVELOPMENT_TEAM = JTK792GD3V;
				INFOPLIST_FILE = "Campus Buddy/Info.plist";
				IPHONEOS_DEPLOYMENT_TARGET = 9.0;
				LD_RUNPATH_SEARCH_PATHS = "$(inherited) @executable_path/Frameworks";
				PRODUCT_BUNDLE_IDENTIFIER = com.sdsmdg.ioscampusBuddy;
				PRODUCT_NAME = "$(TARGET_NAME)";
				SWIFT_VERSION = 3.0;
			};
			name = Debug;
		};
		43090E1A1E1E745C0010FBF8 /* Release */ = {
			isa = XCBuildConfiguration;
			baseConfigurationReference = 95B69A8251AFED4D8BD7DDA6 /* Pods-Campus Buddy.release.xcconfig */;
			buildSettings = {
				ASSETCATALOG_COMPILER_APPICON_NAME = AppIcon;
				CODE_SIGN_ENTITLEMENTS = "Campus Buddy/Campus Buddy.entitlements";
				DEVELOPMENT_TEAM = JTK792GD3V;
				INFOPLIST_FILE = "Campus Buddy/Info.plist";
				IPHONEOS_DEPLOYMENT_TARGET = 9.0;
				LD_RUNPATH_SEARCH_PATHS = "$(inherited) @executable_path/Frameworks";
				PRODUCT_BUNDLE_IDENTIFIER = com.sdsmdg.ioscampusBuddy;
				PRODUCT_NAME = "$(TARGET_NAME)";
				SWIFT_VERSION = 3.0;
			};
			name = Release;
		};
		43090E1C1E1E745C0010FBF8 /* Debug */ = {
			isa = XCBuildConfiguration;
			baseConfigurationReference = FA9226842B463FE6C8C70567 /* Pods-Campus BuddyTests.debug.xcconfig */;
			buildSettings = {
				ALWAYS_EMBED_SWIFT_STANDARD_LIBRARIES = YES;
				BUNDLE_LOADER = "$(TEST_HOST)";
				DEVELOPMENT_TEAM = JTK792GD3V;
				INFOPLIST_FILE = "Campus BuddyTests/Info.plist";
				LD_RUNPATH_SEARCH_PATHS = "$(inherited) @executable_path/Frameworks @loader_path/Frameworks";
				PRODUCT_BUNDLE_IDENTIFIER = "com.sdsmdg.ioscampusBuddy.Campus-BuddyTests";
				PRODUCT_NAME = "$(TARGET_NAME)";
				SWIFT_VERSION = 3.0;
				TEST_HOST = "$(BUILT_PRODUCTS_DIR)/Campus Buddy.app/Campus Buddy";
			};
			name = Debug;
		};
		43090E1D1E1E745C0010FBF8 /* Release */ = {
			isa = XCBuildConfiguration;
			baseConfigurationReference = 3B13FE198E5D2C87E4FBFE57 /* Pods-Campus BuddyTests.release.xcconfig */;
			buildSettings = {
				ALWAYS_EMBED_SWIFT_STANDARD_LIBRARIES = YES;
				BUNDLE_LOADER = "$(TEST_HOST)";
				DEVELOPMENT_TEAM = JTK792GD3V;
				INFOPLIST_FILE = "Campus BuddyTests/Info.plist";
				LD_RUNPATH_SEARCH_PATHS = "$(inherited) @executable_path/Frameworks @loader_path/Frameworks";
				PRODUCT_BUNDLE_IDENTIFIER = "com.sdsmdg.ioscampusBuddy.Campus-BuddyTests";
				PRODUCT_NAME = "$(TARGET_NAME)";
				SWIFT_VERSION = 3.0;
				TEST_HOST = "$(BUILT_PRODUCTS_DIR)/Campus Buddy.app/Campus Buddy";
			};
			name = Release;
		};
		43090E1F1E1E745C0010FBF8 /* Debug */ = {
			isa = XCBuildConfiguration;
			baseConfigurationReference = A99E3ED3886C98C348474D38 /* Pods-Campus BuddyUITests.debug.xcconfig */;
			buildSettings = {
				ALWAYS_EMBED_SWIFT_STANDARD_LIBRARIES = YES;
				DEVELOPMENT_TEAM = JTK792GD3V;
				INFOPLIST_FILE = "Campus BuddyUITests/Info.plist";
				LD_RUNPATH_SEARCH_PATHS = "$(inherited) @executable_path/Frameworks @loader_path/Frameworks";
				PRODUCT_BUNDLE_IDENTIFIER = "com.sdsmdg.ioscampusBuddy.Campus-BuddyUITests";
				PRODUCT_NAME = "$(TARGET_NAME)";
				SWIFT_VERSION = 3.0;
				TEST_TARGET_NAME = "Campus Buddy";
			};
			name = Debug;
		};
		43090E201E1E745C0010FBF8 /* Release */ = {
			isa = XCBuildConfiguration;
			baseConfigurationReference = 707C6EC0B3251A10BE57957A /* Pods-Campus BuddyUITests.release.xcconfig */;
			buildSettings = {
				ALWAYS_EMBED_SWIFT_STANDARD_LIBRARIES = YES;
				DEVELOPMENT_TEAM = JTK792GD3V;
				INFOPLIST_FILE = "Campus BuddyUITests/Info.plist";
				LD_RUNPATH_SEARCH_PATHS = "$(inherited) @executable_path/Frameworks @loader_path/Frameworks";
				PRODUCT_BUNDLE_IDENTIFIER = "com.sdsmdg.ioscampusBuddy.Campus-BuddyUITests";
				PRODUCT_NAME = "$(TARGET_NAME)";
				SWIFT_VERSION = 3.0;
				TEST_TARGET_NAME = "Campus Buddy";
			};
			name = Release;
		};
/* End XCBuildConfiguration section */

/* Begin XCConfigurationList section */
		43090DE81E1E745C0010FBF8 /* Build configuration list for PBXProject "Campus Buddy" */ = {
			isa = XCConfigurationList;
			buildConfigurations = (
				43090E161E1E745C0010FBF8 /* Debug */,
				43090E171E1E745C0010FBF8 /* Release */,
			);
			defaultConfigurationIsVisible = 0;
			defaultConfigurationName = Release;
		};
		43090E181E1E745C0010FBF8 /* Build configuration list for PBXNativeTarget "Campus Buddy" */ = {
			isa = XCConfigurationList;
			buildConfigurations = (
				43090E191E1E745C0010FBF8 /* Debug */,
				43090E1A1E1E745C0010FBF8 /* Release */,
			);
			defaultConfigurationIsVisible = 0;
			defaultConfigurationName = Release;
		};
		43090E1B1E1E745C0010FBF8 /* Build configuration list for PBXNativeTarget "Campus BuddyTests" */ = {
			isa = XCConfigurationList;
			buildConfigurations = (
				43090E1C1E1E745C0010FBF8 /* Debug */,
				43090E1D1E1E745C0010FBF8 /* Release */,
			);
			defaultConfigurationIsVisible = 0;
			defaultConfigurationName = Release;
		};
		43090E1E1E1E745C0010FBF8 /* Build configuration list for PBXNativeTarget "Campus BuddyUITests" */ = {
			isa = XCConfigurationList;
			buildConfigurations = (
				43090E1F1E1E745C0010FBF8 /* Debug */,
				43090E201E1E745C0010FBF8 /* Release */,
			);
			defaultConfigurationIsVisible = 0;
			defaultConfigurationName = Release;
		};
/* End XCConfigurationList section */

/* Begin XCVersionGroup section */
		43090DF71E1E745C0010FBF8 /* Campus_Buddy.xcdatamodeld */ = {
			isa = XCVersionGroup;
			children = (
				43090DF81E1E745C0010FBF8 /* Campus_Buddy.xcdatamodel */,
			);
			currentVersion = 43090DF81E1E745C0010FBF8 /* Campus_Buddy.xcdatamodel */;
			path = Campus_Buddy.xcdatamodeld;
			sourceTree = "<group>";
			versionGroupType = wrapper.xcdatamodel;
		};
/* End XCVersionGroup section */
	};
	rootObject = 43090DE51E1E745C0010FBF8 /* Project object */;
}
