// !$*UTF8*$!
{
	archiveVersion = 1;
	classes = {
	};
	objectVersion = 46;
	objects = {

/* Begin PBXBuildFile section */
		43090DF11E1E745C0010FBF8 /* AppDelegate.swift in Sources */ = {isa = PBXBuildFile; fileRef = 43090DF01E1E745C0010FBF8 /* AppDelegate.swift */; };
		43090DF31E1E745C0010FBF8 /* ViewController.swift in Sources */ = {isa = PBXBuildFile; fileRef = 43090DF21E1E745C0010FBF8 /* ViewController.swift */; };
		43090DF61E1E745C0010FBF8 /* Main.storyboard in Resources */ = {isa = PBXBuildFile; fileRef = 43090DF41E1E745C0010FBF8 /* Main.storyboard */; };
		43090DF91E1E745C0010FBF8 /* Campus_Buddy.xcdatamodeld in Sources */ = {isa = PBXBuildFile; fileRef = 43090DF71E1E745C0010FBF8 /* Campus_Buddy.xcdatamodeld */; };
		43090DFB1E1E745C0010FBF8 /* Assets.xcassets in Resources */ = {isa = PBXBuildFile; fileRef = 43090DFA1E1E745C0010FBF8 /* Assets.xcassets */; };
		43090DFE1E1E745C0010FBF8 /* LaunchScreen.storyboard in Resources */ = {isa = PBXBuildFile; fileRef = 43090DFC1E1E745C0010FBF8 /* LaunchScreen.storyboard */; };
		43090E091E1E745C0010FBF8 /* Campus_BuddyTests.swift in Sources */ = {isa = PBXBuildFile; fileRef = 43090E081E1E745C0010FBF8 /* Campus_BuddyTests.swift */; };
		43090E141E1E745C0010FBF8 /* Campus_BuddyUITests.swift in Sources */ = {isa = PBXBuildFile; fileRef = 43090E131E1E745C0010FBF8 /* Campus_BuddyUITests.swift */; };
/* End PBXBuildFile section */

/* Begin PBXContainerItemProxy section */
		43090E051E1E745C0010FBF8 /* PBXContainerItemProxy */ = {
			isa = PBXContainerItemProxy;
			containerPortal = 43090DE51E1E745C0010FBF8 /* Project object */;
			proxyType = 1;
			remoteGlobalIDString = 43090DEC1E1E745C0010FBF8;
			remoteInfo = "Campus Buddy";
		};
		43090E101E1E745C0010FBF8 /* PBXContainerItemProxy */ = {
			isa = PBXContainerItemProxy;
			containerPortal = 43090DE51E1E745C0010FBF8 /* Project object */;
			proxyType = 1;
			remoteGlobalIDString = 43090DEC1E1E745C0010FBF8;
			remoteInfo = "Campus Buddy";
		};
/* End PBXContainerItemProxy section */

/* Begin PBXFileReference section */
		43090DED1E1E745C0010FBF8 /* Campus Buddy.app */ = {isa = PBXFileReference; explicitFileType = wrapper.application; includeInIndex = 0; path = "Campus Buddy.app"; sourceTree = BUILT_PRODUCTS_DIR; };
		43090DF01E1E745C0010FBF8 /* AppDelegate.swift */ = {isa = PBXFileReference; lastKnownFileType = sourcecode.swift; path = AppDelegate.swift; sourceTree = "<group>"; };
		43090DF21E1E745C0010FBF8 /* ViewController.swift */ = {isa = PBXFileReference; lastKnownFileType = sourcecode.swift; path = ViewController.swift; sourceTree = "<group>"; };
		43090DF51E1E745C0010FBF8 /* Base */ = {isa = PBXFileReference; lastKnownFileType = file.storyboard; name = Base; path = Base.lproj/Main.storyboard; sourceTree = "<group>"; };
		43090DF81E1E745C0010FBF8 /* Campus_Buddy.xcdatamodel */ = {isa = PBXFileReference; lastKnownFileType = wrapper.xcdatamodel; path = Campus_Buddy.xcdatamodel; sourceTree = "<group>"; };
		43090DFA1E1E745C0010FBF8 /* Assets.xcassets */ = {isa = PBXFileReference; lastKnownFileType = folder.assetcatalog; path = Assets.xcassets; sourceTree = "<group>"; };
		43090DFD1E1E745C0010FBF8 /* Base */ = {isa = PBXFileReference; lastKnownFileType = file.storyboard; name = Base; path = Base.lproj/LaunchScreen.storyboard; sourceTree = "<group>"; };
		43090DFF1E1E745C0010FBF8 /* Info.plist */ = {isa = PBXFileReference; lastKnownFileType = text.plist.xml; path = Info.plist; sourceTree = "<group>"; };
		43090E041E1E745C0010FBF8 /* Campus BuddyTests.xctest */ = {isa = PBXFileReference; explicitFileType = wrapper.cfbundle; includeInIndex = 0; path = "Campus BuddyTests.xctest"; sourceTree = BUILT_PRODUCTS_DIR; };
		43090E081E1E745C0010FBF8 /* Campus_BuddyTests.swift */ = {isa = PBXFileReference; lastKnownFileType = sourcecode.swift; path = Campus_BuddyTests.swift; sourceTree = "<group>"; };
		43090E0A1E1E745C0010FBF8 /* Info.plist */ = {isa = PBXFileReference; lastKnownFileType = text.plist.xml; path = Info.plist; sourceTree = "<group>"; };
		43090E0F1E1E745C0010FBF8 /* Campus BuddyUITests.xctest */ = {isa = PBXFileReference; explicitFileType = wrapper.cfbundle; includeInIndex = 0; path = "Campus BuddyUITests.xctest"; sourceTree = BUILT_PRODUCTS_DIR; };
		43090E131E1E745C0010FBF8 /* Campus_BuddyUITests.swift */ = {isa = PBXFileReference; lastKnownFileType = sourcecode.swift; path = Campus_BuddyUITests.swift; sourceTree = "<group>"; };
		43090E151E1E745C0010FBF8 /* Info.plist */ = {isa = PBXFileReference; lastKnownFileType = text.plist.xml; path = Info.plist; sourceTree = "<group>"; };
/* End PBXFileReference section */

/* Begin PBXFrameworksBuildPhase section */
		43090DEA1E1E745C0010FBF8 /* Frameworks */ = {
			isa = PBXFrameworksBuildPhase;
			buildActionMask = 2147483647;
			files = (
			);
			runOnlyForDeploymentPostprocessing = 0;
		};
		43090E011E1E745C0010FBF8 /* Frameworks */ = {
			isa = PBXFrameworksBuildPhase;
			buildActionMask = 2147483647;
			files = (
			);
			runOnlyForDeploymentPostprocessing = 0;
		};
		43090E0C1E1E745C0010FBF8 /* Frameworks */ = {
			isa = PBXFrameworksBuildPhase;
			buildActionMask = 2147483647;
			files = (
			);
			runOnlyForDeploymentPostprocessing = 0;
		};
/* End PBXFrameworksBuildPhase section */

/* Begin PBXGroup section */
		43090DE41E1E745C0010FBF8 = {
			isa = PBXGroup;
			children = (
				43090DEF1E1E745C0010FBF8 /* Campus Buddy */,
				43090E071E1E745C0010FBF8 /* Campus BuddyTests */,
				43090E121E1E745C0010FBF8 /* Campus BuddyUITests */,
				43090DEE1E1E745C0010FBF8 /* Products */,
			);
			sourceTree = "<group>";
		};
		43090DEE1E1E745C0010FBF8 /* Products */ = {
			isa = PBXGroup;
			children = (
				43090DED1E1E745C0010FBF8 /* Campus Buddy.app */,
				43090E041E1E745C0010FBF8 /* Campus BuddyTests.xctest */,
				43090E0F1E1E745C0010FBF8 /* Campus BuddyUITests.xctest */,
			);
			name = Products;
			sourceTree = "<group>";
		};
		43090DEF1E1E745C0010FBF8 /* Campus Buddy */ = {
			isa = PBXGroup;
			children = (
				43090DF01E1E745C0010FBF8 /* AppDelegate.swift */,
				43090DF21E1E745C0010FBF8 /* ViewController.swift */,
				43090DF41E1E745C0010FBF8 /* Main.storyboard */,
				43090DFA1E1E745C0010FBF8 /* Assets.xcassets */,
				43090DFC1E1E745C0010FBF8 /* LaunchScreen.storyboard */,
				43090DFF1E1E745C0010FBF8 /* Info.plist */,
				43090DF71E1E745C0010FBF8 /* Campus_Buddy.xcdatamodeld */,
			);
			path = "Campus Buddy";
			sourceTree = "<group>";
		};
		43090E071E1E745C0010FBF8 /* Campus BuddyTests */ = {
			isa = PBXGroup;
			children = (
				43090E081E1E745C0010FBF8 /* Campus_BuddyTests.swift */,
				43090E0A1E1E745C0010FBF8 /* Info.plist */,
			);
			path = "Campus BuddyTests";
			sourceTree = "<group>";
		};
		43090E121E1E745C0010FBF8 /* Campus BuddyUITests */ = {
			isa = PBXGroup;
			children = (
				43090E131E1E745C0010FBF8 /* Campus_BuddyUITests.swift */,
				43090E151E1E745C0010FBF8 /* Info.plist */,
			);
			path = "Campus BuddyUITests";
			sourceTree = "<group>";
		};
/* End PBXGroup section */

/* Begin PBXNativeTarget section */
		43090DEC1E1E745C0010FBF8 /* Campus Buddy */ = {
			isa = PBXNativeTarget;
			buildConfigurationList = 43090E181E1E745C0010FBF8 /* Build configuration list for PBXNativeTarget "Campus Buddy" */;
			buildPhases = (
				43090DE91E1E745C0010FBF8 /* Sources */,
				43090DEA1E1E745C0010FBF8 /* Frameworks */,
				43090DEB1E1E745C0010FBF8 /* Resources */,
			);
			buildRules = (
			);
			dependencies = (
			);
			name = "Campus Buddy";
			productName = "Campus Buddy";
			productReference = 43090DED1E1E745C0010FBF8 /* Campus Buddy.app */;
			productType = "com.apple.product-type.application";
		};
		43090E031E1E745C0010FBF8 /* Campus BuddyTests */ = {
			isa = PBXNativeTarget;
			buildConfigurationList = 43090E1B1E1E745C0010FBF8 /* Build configuration list for PBXNativeTarget "Campus BuddyTests" */;
			buildPhases = (
				43090E001E1E745C0010FBF8 /* Sources */,
				43090E011E1E745C0010FBF8 /* Frameworks */,
				43090E021E1E745C0010FBF8 /* Resources */,
			);
			buildRules = (
			);
			dependencies = (
				43090E061E1E745C0010FBF8 /* PBXTargetDependency */,
			);
			name = "Campus BuddyTests";
			productName = "Campus BuddyTests";
			productReference = 43090E041E1E745C0010FBF8 /* Campus BuddyTests.xctest */;
			productType = "com.apple.product-type.bundle.unit-test";
		};
		43090E0E1E1E745C0010FBF8 /* Campus BuddyUITests */ = {
			isa = PBXNativeTarget;
			buildConfigurationList = 43090E1E1E1E745C0010FBF8 /* Build configuration list for PBXNativeTarget "Campus BuddyUITests" */;
			buildPhases = (
				43090E0B1E1E745C0010FBF8 /* Sources */,
				43090E0C1E1E745C0010FBF8 /* Frameworks */,
				43090E0D1E1E745C0010FBF8 /* Resources */,
			);
			buildRules = (
			);
			dependencies = (
				43090E111E1E745C0010FBF8 /* PBXTargetDependency */,
			);
			name = "Campus BuddyUITests";
			productName = "Campus BuddyUITests";
			productReference = 43090E0F1E1E745C0010FBF8 /* Campus BuddyUITests.xctest */;
			productType = "com.apple.product-type.bundle.ui-testing";
		};
/* End PBXNativeTarget section */

/* Begin PBXProject section */
		43090DE51E1E745C0010FBF8 /* Project object */ = {
			isa = PBXProject;
			attributes = {
				LastSwiftUpdateCheck = 0820;
				LastUpgradeCheck = 0820;
				ORGANIZATIONNAME = "Kush Taneja";
				TargetAttributes = {
					43090DEC1E1E745C0010FBF8 = {
						CreatedOnToolsVersion = 8.2.1;
						DevelopmentTeam = JTK792GD3V;
						ProvisioningStyle = Automatic;
					};
					43090E031E1E745C0010FBF8 = {
						CreatedOnToolsVersion = 8.2.1;
						DevelopmentTeam = JTK792GD3V;
						ProvisioningStyle = Automatic;
						TestTargetID = 43090DEC1E1E745C0010FBF8;
					};
					43090E0E1E1E745C0010FBF8 = {
						CreatedOnToolsVersion = 8.2.1;
						DevelopmentTeam = JTK792GD3V;
						ProvisioningStyle = Automatic;
						TestTargetID = 43090DEC1E1E745C0010FBF8;
					};
				};
			};
			buildConfigurationList = 43090DE81E1E745C0010FBF8 /* Build configuration list for PBXProject "Campus Buddy" */;
			compatibilityVersion = "Xcode 3.2";
			developmentRegion = English;
			hasScannedForEncodings = 0;
			knownRegions = (
				en,
				Base,
			);
			mainGroup = 43090DE41E1E745C0010FBF8;
			productRefGroup = 43090DEE1E1E745C0010FBF8 /* Products */;
			projectDirPath = "";
			projectRoot = "";
			targets = (
				43090DEC1E1E745C0010FBF8 /* Campus Buddy */,
				43090E031E1E745C0010FBF8 /* Campus BuddyTests */,
				43090E0E1E1E745C0010FBF8 /* Campus BuddyUITests */,
			);
		};
/* End PBXProject section */

/* Begin PBXResourcesBuildPhase section */
		43090DEB1E1E745C0010FBF8 /* Resources */ = {
			isa = PBXResourcesBuildPhase;
			buildActionMask = 2147483647;
			files = (
				43090DFE1E1E745C0010FBF8 /* LaunchScreen.storyboard in Resources */,
				43090DFB1E1E745C0010FBF8 /* Assets.xcassets in Resources */,
				43090DF61E1E745C0010FBF8 /* Main.storyboard in Resources */,
			);
			runOnlyForDeploymentPostprocessing = 0;
		};
		43090E021E1E745C0010FBF8 /* Resources */ = {
			isa = PBXResourcesBuildPhase;
			buildActionMask = 2147483647;
			files = (
			);
			runOnlyForDeploymentPostprocessing = 0;
		};
		43090E0D1E1E745C0010FBF8 /* Resources */ = {
			isa = PBXResourcesBuildPhase;
			buildActionMask = 2147483647;
			files = (
			);
			runOnlyForDeploymentPostprocessing = 0;
		};
/* End PBXResourcesBuildPhase section */

/* Begin PBXSourcesBuildPhase section */
		43090DE91E1E745C0010FBF8 /* Sources */ = {
			isa = PBXSourcesBuildPhase;
			buildActionMask = 2147483647;
			files = (
				43090DF31E1E745C0010FBF8 /* ViewController.swift in Sources */,
				43090DF91E1E745C0010FBF8 /* Campus_Buddy.xcdatamodeld in Sources */,
				43090DF11E1E745C0010FBF8 /* AppDelegate.swift in Sources */,
			);
			runOnlyForDeploymentPostprocessing = 0;
		};
		43090E001E1E745C0010FBF8 /* Sources */ = {
			isa = PBXSourcesBuildPhase;
			buildActionMask = 2147483647;
			files = (
				43090E091E1E745C0010FBF8 /* Campus_BuddyTests.swift in Sources */,
			);
			runOnlyForDeploymentPostprocessing = 0;
		};
		43090E0B1E1E745C0010FBF8 /* Sources */ = {
			isa = PBXSourcesBuildPhase;
			buildActionMask = 2147483647;
			files = (
				43090E141E1E745C0010FBF8 /* Campus_BuddyUITests.swift in Sources */,
			);
			runOnlyForDeploymentPostprocessing = 0;
		};
/* End PBXSourcesBuildPhase section */

/* Begin PBXTargetDependency section */
		43090E061E1E745C0010FBF8 /* PBXTargetDependency */ = {
			isa = PBXTargetDependency;
			target = 43090DEC1E1E745C0010FBF8 /* Campus Buddy */;
			targetProxy = 43090E051E1E745C0010FBF8 /* PBXContainerItemProxy */;
		};
		43090E111E1E745C0010FBF8 /* PBXTargetDependency */ = {
			isa = PBXTargetDependency;
			target = 43090DEC1E1E745C0010FBF8 /* Campus Buddy */;
			targetProxy = 43090E101E1E745C0010FBF8 /* PBXContainerItemProxy */;
		};
/* End PBXTargetDependency section */

/* Begin PBXVariantGroup section */
		43090DF41E1E745C0010FBF8 /* Main.storyboard */ = {
			isa = PBXVariantGroup;
			children = (
				43090DF51E1E745C0010FBF8 /* Base */,
			);
			name = Main.storyboard;
			sourceTree = "<group>";
		};
		43090DFC1E1E745C0010FBF8 /* LaunchScreen.storyboard */ = {
			isa = PBXVariantGroup;
			children = (
				43090DFD1E1E745C0010FBF8 /* Base */,
			);
			name = LaunchScreen.storyboard;
			sourceTree = "<group>";
		};
/* End PBXVariantGroup section */

/* Begin XCBuildConfiguration section */
		43090E161E1E745C0010FBF8 /* Debug */ = {
			isa = XCBuildConfiguration;
			buildSettings = {
				ALWAYS_SEARCH_USER_PATHS = NO;
				CLANG_ANALYZER_NONNULL = YES;
				CLANG_CXX_LANGUAGE_STANDARD = "gnu++0x";
				CLANG_CXX_LIBRARY = "libc++";
				CLANG_ENABLE_MODULES = YES;
				CLANG_ENABLE_OBJC_ARC = YES;
				CLANG_WARN_BOOL_CONVERSION = YES;
				CLANG_WARN_CONSTANT_CONVERSION = YES;
				CLANG_WARN_DIRECT_OBJC_ISA_USAGE = YES_ERROR;
				CLANG_WARN_DOCUMENTATION_COMMENTS = YES;
				CLANG_WARN_EMPTY_BODY = YES;
				CLANG_WARN_ENUM_CONVERSION = YES;
				CLANG_WARN_INFINITE_RECURSION = YES;
				CLANG_WARN_INT_CONVERSION = YES;
				CLANG_WARN_OBJC_ROOT_CLASS = YES_ERROR;
				CLANG_WARN_SUSPICIOUS_MOVE = YES;
				CLANG_WARN_UNREACHABLE_CODE = YES;
				CLANG_WARN__DUPLICATE_METHOD_MATCH = YES;
				"CODE_SIGN_IDENTITY[sdk=iphoneos*]" = "iPhone Developer";
				COPY_PHASE_STRIP = NO;
				DEBUG_INFORMATION_FORMAT = dwarf;
				ENABLE_STRICT_OBJC_MSGSEND = YES;
				ENABLE_TESTABILITY = YES;
				GCC_C_LANGUAGE_STANDARD = gnu99;
				GCC_DYNAMIC_NO_PIC = NO;
				GCC_NO_COMMON_BLOCKS = YES;
				GCC_OPTIMIZATION_LEVEL = 0;
				GCC_PREPROCESSOR_DEFINITIONS = (
					"DEBUG=1",
					"$(inherited)",
				);
				GCC_WARN_64_TO_32_BIT_CONVERSION = YES;
				GCC_WARN_ABOUT_RETURN_TYPE = YES_ERROR;
				GCC_WARN_UNDECLARED_SELECTOR = YES;
				GCC_WARN_UNINITIALIZED_AUTOS = YES_AGGRESSIVE;
				GCC_WARN_UNUSED_FUNCTION = YES;
				GCC_WARN_UNUSED_VARIABLE = YES;
				IPHONEOS_DEPLOYMENT_TARGET = 10.2;
				MTL_ENABLE_DEBUG_INFO = YES;
				ONLY_ACTIVE_ARCH = YES;
				SDKROOT = iphoneos;
				SWIFT_ACTIVE_COMPILATION_CONDITIONS = DEBUG;
				SWIFT_OPTIMIZATION_LEVEL = "-Onone";
				TARGETED_DEVICE_FAMILY = "1,2";
			};
			name = Debug;
		};
		43090E171E1E745C0010FBF8 /* Release */ = {
			isa = XCBuildConfiguration;
			buildSettings = {
				ALWAYS_SEARCH_USER_PATHS = NO;
				CLANG_ANALYZER_NONNULL = YES;
				CLANG_CXX_LANGUAGE_STANDARD = "gnu++0x";
				CLANG_CXX_LIBRARY = "libc++";
				CLANG_ENABLE_MODULES = YES;
				CLANG_ENABLE_OBJC_ARC = YES;
				CLANG_WARN_BOOL_CONVERSION = YES;
				CLANG_WARN_CONSTANT_CONVERSION = YES;
				CLANG_WARN_DIRECT_OBJC_ISA_USAGE = YES_ERROR;
				CLANG_WARN_DOCUMENTATION_COMMENTS = YES;
				CLANG_WARN_EMPTY_BODY = YES;
				CLANG_WARN_ENUM_CONVERSION = YES;
				CLANG_WARN_INFINITE_RECURSION = YES;
				CLANG_WARN_INT_CONVERSION = YES;
				CLANG_WARN_OBJC_ROOT_CLASS = YES_ERROR;
				CLANG_WARN_SUSPICIOUS_MOVE = YES;
				CLANG_WARN_UNREACHABLE_CODE = YES;
				CLANG_WARN__DUPLICATE_METHOD_MATCH = YES;
				"CODE_SIGN_IDENTITY[sdk=iphoneos*]" = "iPhone Developer";
				COPY_PHASE_STRIP = NO;
				DEBUG_INFORMATION_FORMAT = "dwarf-with-dsym";
				ENABLE_NS_ASSERTIONS = NO;
				ENABLE_STRICT_OBJC_MSGSEND = YES;
				GCC_C_LANGUAGE_STANDARD = gnu99;
				GCC_NO_COMMON_BLOCKS = YES;
				GCC_WARN_64_TO_32_BIT_CONVERSION = YES;
				GCC_WARN_ABOUT_RETURN_TYPE = YES_ERROR;
				GCC_WARN_UNDECLARED_SELECTOR = YES;
				GCC_WARN_UNINITIALIZED_AUTOS = YES_AGGRESSIVE;
				GCC_WARN_UNUSED_FUNCTION = YES;
				GCC_WARN_UNUSED_VARIABLE = YES;
				IPHONEOS_DEPLOYMENT_TARGET = 10.2;
				MTL_ENABLE_DEBUG_INFO = NO;
				SDKROOT = iphoneos;
				SWIFT_OPTIMIZATION_LEVEL = "-Owholemodule";
				TARGETED_DEVICE_FAMILY = "1,2";
				VALIDATE_PRODUCT = YES;
			};
			name = Release;
		};
		43090E191E1E745C0010FBF8 /* Debug */ = {
			isa = XCBuildConfiguration;
			buildSettings = {
				ASSETCATALOG_COMPILER_APPICON_NAME = AppIcon;
				DEVELOPMENT_TEAM = JTK792GD3V;
				INFOPLIST_FILE = "Campus Buddy/Info.plist";
				LD_RUNPATH_SEARCH_PATHS = "$(inherited) @executable_path/Frameworks";
				PRODUCT_BUNDLE_IDENTIFIER = "com.sdsmdg.ioscampusBuddy.Campus-Buddy";
				PRODUCT_NAME = "$(TARGET_NAME)";
				SWIFT_VERSION = 3.0;
			};
			name = Debug;
		};
		43090E1A1E1E745C0010FBF8 /* Release */ = {
			isa = XCBuildConfiguration;
			buildSettings = {
				ASSETCATALOG_COMPILER_APPICON_NAME = AppIcon;
				DEVELOPMENT_TEAM = JTK792GD3V;
				INFOPLIST_FILE = "Campus Buddy/Info.plist";
				LD_RUNPATH_SEARCH_PATHS = "$(inherited) @executable_path/Frameworks";
				PRODUCT_BUNDLE_IDENTIFIER = "com.sdsmdg.ioscampusBuddy.Campus-Buddy";
				PRODUCT_NAME = "$(TARGET_NAME)";
				SWIFT_VERSION = 3.0;
			};
			name = Release;
		};
		43090E1C1E1E745C0010FBF8 /* Debug */ = {
			isa = XCBuildConfiguration;
			buildSettings = {
				ALWAYS_EMBED_SWIFT_STANDARD_LIBRARIES = YES;
				BUNDLE_LOADER = "$(TEST_HOST)";
				DEVELOPMENT_TEAM = JTK792GD3V;
				INFOPLIST_FILE = "Campus BuddyTests/Info.plist";
				LD_RUNPATH_SEARCH_PATHS = "$(inherited) @executable_path/Frameworks @loader_path/Frameworks";
				PRODUCT_BUNDLE_IDENTIFIER = "com.sdsmdg.ioscampusBuddy.Campus-BuddyTests";
				PRODUCT_NAME = "$(TARGET_NAME)";
				SWIFT_VERSION = 3.0;
				TEST_HOST = "$(BUILT_PRODUCTS_DIR)/Campus Buddy.app/Campus Buddy";
			};
			name = Debug;
		};
		43090E1D1E1E745C0010FBF8 /* Release */ = {
			isa = XCBuildConfiguration;
			buildSettings = {
				ALWAYS_EMBED_SWIFT_STANDARD_LIBRARIES = YES;
				BUNDLE_LOADER = "$(TEST_HOST)";
				DEVELOPMENT_TEAM = JTK792GD3V;
				INFOPLIST_FILE = "Campus BuddyTests/Info.plist";
				LD_RUNPATH_SEARCH_PATHS = "$(inherited) @executable_path/Frameworks @loader_path/Frameworks";
				PRODUCT_BUNDLE_IDENTIFIER = "com.sdsmdg.ioscampusBuddy.Campus-BuddyTests";
				PRODUCT_NAME = "$(TARGET_NAME)";
				SWIFT_VERSION = 3.0;
				TEST_HOST = "$(BUILT_PRODUCTS_DIR)/Campus Buddy.app/Campus Buddy";
			};
			name = Release;
		};
		43090E1F1E1E745C0010FBF8 /* Debug */ = {
			isa = XCBuildConfiguration;
			buildSettings = {
				ALWAYS_EMBED_SWIFT_STANDARD_LIBRARIES = YES;
				DEVELOPMENT_TEAM = JTK792GD3V;
				INFOPLIST_FILE = "Campus BuddyUITests/Info.plist";
				LD_RUNPATH_SEARCH_PATHS = "$(inherited) @executable_path/Frameworks @loader_path/Frameworks";
				PRODUCT_BUNDLE_IDENTIFIER = "com.sdsmdg.ioscampusBuddy.Campus-BuddyUITests";
				PRODUCT_NAME = "$(TARGET_NAME)";
				SWIFT_VERSION = 3.0;
				TEST_TARGET_NAME = "Campus Buddy";
			};
			name = Debug;
		};
		43090E201E1E745C0010FBF8 /* Release */ = {
			isa = XCBuildConfiguration;
			buildSettings = {
				ALWAYS_EMBED_SWIFT_STANDARD_LIBRARIES = YES;
				DEVELOPMENT_TEAM = JTK792GD3V;
				INFOPLIST_FILE = "Campus BuddyUITests/Info.plist";
				LD_RUNPATH_SEARCH_PATHS = "$(inherited) @executable_path/Frameworks @loader_path/Frameworks";
				PRODUCT_BUNDLE_IDENTIFIER = "com.sdsmdg.ioscampusBuddy.Campus-BuddyUITests";
				PRODUCT_NAME = "$(TARGET_NAME)";
				SWIFT_VERSION = 3.0;
				TEST_TARGET_NAME = "Campus Buddy";
			};
			name = Release;
		};
/* End XCBuildConfiguration section */

/* Begin XCConfigurationList section */
		43090DE81E1E745C0010FBF8 /* Build configuration list for PBXProject "Campus Buddy" */ = {
			isa = XCConfigurationList;
			buildConfigurations = (
				43090E161E1E745C0010FBF8 /* Debug */,
				43090E171E1E745C0010FBF8 /* Release */,
			);
			defaultConfigurationIsVisible = 0;
			defaultConfigurationName = Release;
		};
		43090E181E1E745C0010FBF8 /* Build configuration list for PBXNativeTarget "Campus Buddy" */ = {
			isa = XCConfigurationList;
			buildConfigurations = (
				43090E191E1E745C0010FBF8 /* Debug */,
				43090E1A1E1E745C0010FBF8 /* Release */,
			);
			defaultConfigurationIsVisible = 0;
		};
		43090E1B1E1E745C0010FBF8 /* Build configuration list for PBXNativeTarget "Campus BuddyTests" */ = {
			isa = XCConfigurationList;
			buildConfigurations = (
				43090E1C1E1E745C0010FBF8 /* Debug */,
				43090E1D1E1E745C0010FBF8 /* Release */,
			);
			defaultConfigurationIsVisible = 0;
		};
		43090E1E1E1E745C0010FBF8 /* Build configuration list for PBXNativeTarget "Campus BuddyUITests" */ = {
			isa = XCConfigurationList;
			buildConfigurations = (
				43090E1F1E1E745C0010FBF8 /* Debug */,
				43090E201E1E745C0010FBF8 /* Release */,
			);
			defaultConfigurationIsVisible = 0;
		};
/* End XCConfigurationList section */

/* Begin XCVersionGroup section */
		43090DF71E1E745C0010FBF8 /* Campus_Buddy.xcdatamodeld */ = {
			isa = XCVersionGroup;
			children = (
				43090DF81E1E745C0010FBF8 /* Campus_Buddy.xcdatamodel */,
			);
			currentVersion = 43090DF81E1E745C0010FBF8 /* Campus_Buddy.xcdatamodel */;
			path = Campus_Buddy.xcdatamodeld;
			sourceTree = "<group>";
			versionGroupType = wrapper.xcdatamodel;
		};
/* End XCVersionGroup section */
	};
	rootObject = 43090DE51E1E745C0010FBF8 /* Project object */;
}
